// !$*UTF8*$!
{
	archiveVersion = 1;
	classes = {
	};
	objectVersion = 46;
	objects = {

/* Begin PBXBuildFile section */
		A180553D1C1BC9CF00D752DC /* xxx.h in CopyFiles */ = {isa = PBXBuildFile; fileRef = A180553C1C1BC9CF00D752DC /* xxx.h */; };
		A180553F1C1BC9CF00D752DC /* xxx.m in Sources */ = {isa = PBXBuildFile; fileRef = A180553E1C1BC9CF00D752DC /* xxx.m */; };
/* End PBXBuildFile section */

/* Begin PBXCopyFilesBuildPhase section */
		A18055371C1BC9CF00D752DC /* CopyFiles */ = {
			isa = PBXCopyFilesBuildPhase;
			buildActionMask = 2147483647;
			dstPath = "include/$(PRODUCT_NAME)";
			dstSubfolderSpec = 16;
			files = (
				A180553D1C1BC9CF00D752DC /* xxx.h in CopyFiles */,
			);
			runOnlyForDeploymentPostprocessing = 0;
		};
/* End PBXCopyFilesBuildPhase section */

/* Begin PBXFileReference section */
		A18055391C1BC9CF00D752DC /* libxxx.a */ = {isa = PBXFileReference; explicitFileType = archive.ar; includeInIndex = 0; path = libxxx.a; sourceTree = BUILT_PRODUCTS_DIR; };
		A180553C1C1BC9CF00D752DC /* xxx.h */ = {isa = PBXFileReference; lastKnownFileType = sourcecode.c.h; path = xxx.h; sourceTree = "<group>"; };
		A180553E1C1BC9CF00D752DC /* xxx.m */ = {isa = PBXFileReference; lastKnownFileType = sourcecode.c.objc; path = xxx.m; sourceTree = "<group>"; };
/* End PBXFileReference section */

/* Begin PBXFrameworksBuildPhase section */
		A18055361C1BC9CF00D752DC /* Frameworks */ = {
			isa = PBXFrameworksBuildPhase;
			buildActionMask = 2147483647;
			files = (
			);
			runOnlyForDeploymentPostprocessing = 0;
		};
/* End PBXFrameworksBuildPhase section */

/* Begin PBXGroup section */
		A18055301C1BC9CF00D752DC = {
			isa = PBXGroup;
			children = (
				A180553B1C1BC9CF00D752DC /* xxx */,
				A180553A1C1BC9CF00D752DC /* Products */,
			);
			sourceTree = "<group>";
		};
		A180553A1C1BC9CF00D752DC /* Products */ = {
			isa = PBXGroup;
			children = (
				A18055391C1BC9CF00D752DC /* libxxx.a */,
			);
			name = Products;
			sourceTree = "<group>";
		};
		A180553B1C1BC9CF00D752DC /* xxx */ = {
			isa = PBXGroup;
			children = (
				A180553C1C1BC9CF00D752DC /* xxx.h */,
				A180553E1C1BC9CF00D752DC /* xxx.m */,
			);
			path = xxx;
			sourceTree = "<group>";
		};
/* End PBXGroup section */

/* Begin PBXNativeTarget section */
		A18055381C1BC9CF00D752DC /* xxx */ = {
			isa = PBXNativeTarget;
			buildConfigurationList = A18055421C1BC9CF00D752DC /* Build configuration list for PBXNativeTarget "xxx" */;
			buildPhases = (
				A18055351C1BC9CF00D752DC /* Sources */,
				A18055361C1BC9CF00D752DC /* Frameworks */,
				A18055371C1BC9CF00D752DC /* CopyFiles */,
			);
			buildRules = (
			);
			dependencies = (
			);
			name = xxx;
			productName = xxx;
			productReference = A18055391C1BC9CF00D752DC /* libxxx.a */;
			productType = "com.apple.product-type.library.static";
		};
/* End PBXNativeTarget section */

/* Begin PBXProject section */
		A18055311C1BC9CF00D752DC /* Project object */ = {
			isa = PBXProject;
			attributes = {
				LastUpgradeCheck = 0720;
				ORGANIZATIONNAME = "朱洪伟";
				TargetAttributes = {
					A18055381C1BC9CF00D752DC = {
						CreatedOnToolsVersion = 7.2;
					};
				};
			};
			buildConfigurationList = A18055341C1BC9CF00D752DC /* Build configuration list for PBXProject "xxx" */;
			compatibilityVersion = "Xcode 3.2";
			developmentRegion = English;
			hasScannedForEncodings = 0;
			knownRegions = (
				en,
			);
			mainGroup = A18055301C1BC9CF00D752DC;
			productRefGroup = A180553A1C1BC9CF00D752DC /* Products */;
			projectDirPath = "";
			projectRoot = "";
			targets = (
				A18055381C1BC9CF00D752DC /* xxx */,
			);
		};
/* End PBXProject section */

/* Begin PBXSourcesBuildPhase section */
		A18055351C1BC9CF00D752DC /* Sources */ = {
			isa = PBXSourcesBuildPhase;
			buildActionMask = 2147483647;
			files = (
				A180553F1C1BC9CF00D752DC /* xxx.m in Sources */,
			);
			runOnlyForDeploymentPostprocessing = 0;
		};
/* End PBXSourcesBuildPhase section */

/* Begin XCBuildConfiguration section */
		A18055401C1BC9CF00D752DC /* Debug */ = {
			isa = XCBuildConfiguration;
			buildSettings = {
				ALWAYS_SEARCH_USER_PATHS = NO;
				CLANG_CXX_LANGUAGE_STANDARD = "gnu++0x";
				CLANG_CXX_LIBRARY = "libc++";
				CLANG_ENABLE_MODULES = YES;
				CLANG_ENABLE_OBJC_ARC = YES;
				CLANG_WARN_BOOL_CONVERSION = YES;
				CLANG_WARN_CONSTANT_CONVERSION = YES;
				CLANG_WARN_DIRECT_OBJC_ISA_USAGE = YES_ERROR;
				CLANG_WARN_EMPTY_BODY = YES;
				CLANG_WARN_ENUM_CONVERSION = YES;
				CLANG_WARN_INT_CONVERSION = YES;
				CLANG_WARN_OBJC_ROOT_CLASS = YES_ERROR;
				CLANG_WARN_UNREACHABLE_CODE = YES;
				CLANG_WARN__DUPLICATE_METHOD_MATCH = YES;
				"CODE_SIGN_IDENTITY[sdk=iphoneos*]" = "iPhone Developer";
				COPY_PHASE_STRIP = NO;
				DEBUG_INFORMATION_FORMAT = dwarf;
				ENABLE_STRICT_OBJC_MSGSEND = YES;
				ENABLE_TESTABILITY = YES;
				GCC_C_LANGUAGE_STANDARD = gnu99;
				GCC_DYNAMIC_NO_PIC = NO;
				GCC_NO_COMMON_BLOCKS = YES;
				GCC_OPTIMIZATION_LEVEL = 0;
				GCC_PREPROCESSOR_DEFINITIONS = (
					"DEBUG=1",
					"$(inherited)",
				);
				GCC_WARN_64_TO_32_BIT_CONVERSION = YES;
				GCC_WARN_ABOUT_RETURN_TYPE = YES_ERROR;
				GCC_WARN_UNDECLARED_SELECTOR = YES;
				GCC_WARN_UNINITIALIZED_AUTOS = YES_AGGRESSIVE;
				GCC_WARN_UNUSED_FUNCTION = YES;
				GCC_WARN_UNUSED_VARIABLE = YES;
				IPHONEOS_DEPLOYMENT_TARGET = 9.2;
				MTL_ENABLE_DEBUG_INFO = YES;
				ONLY_ACTIVE_ARCH = YES;
				SDKROOT = iphoneos;
			};
			name = Debug;
		};
		A18055411C1BC9CF00D752DC /* Release */ = {
			isa = XCBuildConfiguration;
			buildSettings = {
				ALWAYS_SEARCH_USER_PATHS = NO;
				CLANG_CXX_LANGUAGE_STANDARD = "gnu++0x";
				CLANG_CXX_LIBRARY = "libc++";
				CLANG_ENABLE_MODULES = YES;
				CLANG_ENABLE_OBJC_ARC = YES;
				CLANG_WARN_BOOL_CONVERSION = YES;
				CLANG_WARN_CONSTANT_CONVERSION = YES;
				CLANG_WARN_DIRECT_OBJC_ISA_USAGE = YES_ERROR;
				CLANG_WARN_EMPTY_BODY = YES;
				CLANG_WARN_ENUM_CONVERSION = YES;
				CLANG_WARN_INT_CONVERSION = YES;
				CLANG_WARN_OBJC_ROOT_CLASS = YES_ERROR;
				CLANG_WARN_UNREACHABLE_CODE = YES;
				CLANG_WARN__DUPLICATE_METHOD_MATCH = YES;
				"CODE_SIGN_IDENTITY[sdk=iphoneos*]" = "iPhone Developer";
				COPY_PHASE_STRIP = NO;
				DEBUG_INFORMATION_FORMAT = "dwarf-with-dsym";
				ENABLE_NS_ASSERTIONS = NO;
				ENABLE_STRICT_OBJC_MSGSEND = YES;
				GCC_C_LANGUAGE_STANDARD = gnu99;
				GCC_NO_COMMON_BLOCKS = YES;
				GCC_WARN_64_TO_32_BIT_CONVERSION = YES;
				GCC_WARN_ABOUT_RETURN_TYPE = YES_ERROR;
				GCC_WARN_UNDECLARED_SELECTOR = YES;
				GCC_WARN_UNINITIALIZED_AUTOS = YES_AGGRESSIVE;
				GCC_WARN_UNUSED_FUNCTION = YES;
				GCC_WARN_UNUSED_VARIABLE = YES;
				IPHONEOS_DEPLOYMENT_TARGET = 9.2;
				MTL_ENABLE_DEBUG_INFO = NO;
				SDKROOT = iphoneos;
				VALIDATE_PRODUCT = YES;
			};
			name = Release;
		};
		A18055431C1BC9CF00D752DC /* Debug */ = {
			isa = XCBuildConfiguration;
			buildSettings = {
				OTHER_LDFLAGS = "-ObjC";
				PRODUCT_NAME = "$(TARGET_NAME)";
				SKIP_INSTALL = YES;
			};
			name = Debug;
		};
		A18055441C1BC9CF00D752DC /* Release */ = {
			isa = XCBuildConfiguration;
			buildSettings = {
				OTHER_LDFLAGS = "-ObjC";
				PRODUCT_NAME = "$(TARGET_NAME)";
				SKIP_INSTALL = YES;
			};
			name = Release;
		};
/* End XCBuildConfiguration section */

/* Begin XCConfigurationList section */
		A18055341C1BC9CF00D752DC /* Build configuration list for PBXProject "xxx" */ = {
			isa = XCConfigurationList;
			buildConfigurations = (
				A18055401C1BC9CF00D752DC /* Debug */,
				A18055411C1BC9CF00D752DC /* Release */,
			);
			defaultConfigurationIsVisible = 0;
			defaultConfigurationName = Release;
		};
		A18055421C1BC9CF00D752DC /* Build configuration list for PBXNativeTarget "xxx" */ = {
			isa = XCConfigurationList;
			buildConfigurations = (
				A18055431C1BC9CF00D752DC /* Debug */,
				A18055441C1BC9CF00D752DC /* Release */,
			);
			defaultConfigurationIsVisible = 0;
		};
/* End XCConfigurationList section */
	};
	rootObject = A18055311C1BC9CF00D752DC /* Project object */;
}
