// !$*UTF8*$!
{
	archiveVersion = 1;
	classes = {
	};
	objectVersion = 46;
	objects = {

/* Begin PBXBuildFile section */
		E481EC9D1BD7E6C800AF8215 /* WXUserInfoViewcontroller.m in Sources */ = {isa = PBXBuildFile; fileRef = E481EC9C1BD7E6C800AF8215 /* WXUserInfoViewcontroller.m */; };
		E481ECAB1BD7F05400AF8215 /* NSObjectAddition.m in Sources */ = {isa = PBXBuildFile; fileRef = E481ECAA1BD7F05400AF8215 /* NSObjectAddition.m */; };
		E48336BC1B7469B800288616 /* UIButton+Blcok.m in Sources */ = {isa = PBXBuildFile; fileRef = E48336BB1B7469B800288616 /* UIButton+Blcok.m */; };
		E48336CA1B7469F700288616 /* RIButtonItem.m in Sources */ = {isa = PBXBuildFile; fileRef = E48336C51B7469F700288616 /* RIButtonItem.m */; };
		E48336CB1B7469F700288616 /* UIActionSheet+Blocks.m in Sources */ = {isa = PBXBuildFile; fileRef = E48336C71B7469F700288616 /* UIActionSheet+Blocks.m */; };
		E48336CC1B7469F700288616 /* UIAlertView+Blocks.m in Sources */ = {isa = PBXBuildFile; fileRef = E48336C91B7469F700288616 /* UIAlertView+Blocks.m */; };
		E48DAE6C1B426D430080E009 /* main.m in Sources */ = {isa = PBXBuildFile; fileRef = E48DAE6B1B426D430080E009 /* main.m */; };
		E48DAE6F1B426D430080E009 /* AppDelegate.m in Sources */ = {isa = PBXBuildFile; fileRef = E48DAE6E1B426D430080E009 /* AppDelegate.m */; };
		E48DAE721B426D430080E009 /* WXCore.xcdatamodeld in Sources */ = {isa = PBXBuildFile; fileRef = E48DAE701B426D430080E009 /* WXCore.xcdatamodeld */; };
		E48DAE751B426D430080E009 /* ViewController.m in Sources */ = {isa = PBXBuildFile; fileRef = E48DAE741B426D430080E009 /* ViewController.m */; };
		E48DAE781B426D430080E009 /* Main.storyboard in Resources */ = {isa = PBXBuildFile; fileRef = E48DAE761B426D430080E009 /* Main.storyboard */; };
		E48DAE7A1B426D430080E009 /* Images.xcassets in Resources */ = {isa = PBXBuildFile; fileRef = E48DAE791B426D430080E009 /* Images.xcassets */; };
		E48DAE7D1B426D430080E009 /* LaunchScreen.xib in Resources */ = {isa = PBXBuildFile; fileRef = E48DAE7B1B426D430080E009 /* LaunchScreen.xib */; };
		E48DAE891B426D430080E009 /* WXCoreTests.m in Sources */ = {isa = PBXBuildFile; fileRef = E48DAE881B426D430080E009 /* WXCoreTests.m */; };
		E48DAE951B426E200080E009 /* WXCoreDataManager.m in Sources */ = {isa = PBXBuildFile; fileRef = E48DAE941B426E200080E009 /* WXCoreDataManager.m */; };
		E48DAE981B426F880080E009 /* WXUtility.m in Sources */ = {isa = PBXBuildFile; fileRef = E48DAE971B426F880080E009 /* WXUtility.m */; };
		E4B7F86E1B4E307500091C53 /* WXBaseViewController.m in Sources */ = {isa = PBXBuildFile; fileRef = E4B7F86D1B4E307500091C53 /* WXBaseViewController.m */; };
		E4B7F8771B4E315C00091C53 /* WXTableViewController.m in Sources */ = {isa = PBXBuildFile; fileRef = E4B7F8761B4E315C00091C53 /* WXTableViewController.m */; };
		E4B7F87A1B4E317600091C53 /* WXTableViewCell.m in Sources */ = {isa = PBXBuildFile; fileRef = E4B7F8791B4E317600091C53 /* WXTableViewCell.m */; };
		E4B7F87D1B4E318F00091C53 /* WXTableViewLoadMoreCell.m in Sources */ = {isa = PBXBuildFile; fileRef = E4B7F87C1B4E318F00091C53 /* WXTableViewLoadMoreCell.m */; };
		E4B7F8801B4E31F300091C53 /* WXTableViewDataSource.m in Sources */ = {isa = PBXBuildFile; fileRef = E4B7F87F1B4E31F300091C53 /* WXTableViewDataSource.m */; };
		E4B7F8831B4E320D00091C53 /* WXTableViewSectionedDataSource.m in Sources */ = {isa = PBXBuildFile; fileRef = E4B7F8821B4E320D00091C53 /* WXTableViewSectionedDataSource.m */; };
		E4B7F8861B4E322900091C53 /* WXTableViewItem.m in Sources */ = {isa = PBXBuildFile; fileRef = E4B7F8851B4E322900091C53 /* WXTableViewItem.m */; };
		E4B7F8891B4E323E00091C53 /* WXTableViewLoadMoreItem.m in Sources */ = {isa = PBXBuildFile; fileRef = E4B7F8881B4E323E00091C53 /* WXTableViewLoadMoreItem.m */; };
		E4B7F88C1B4E325800091C53 /* WXTableViewSectionObject.m in Sources */ = {isa = PBXBuildFile; fileRef = E4B7F88B1B4E325800091C53 /* WXTableViewSectionObject.m */; };
		E4B7F88F1B4E357400091C53 /* WXErrorView.m in Sources */ = {isa = PBXBuildFile; fileRef = E4B7F88E1B4E357400091C53 /* WXErrorView.m */; };
		E4B7F8921B4E35BE00091C53 /* WXBaseTableView.m in Sources */ = {isa = PBXBuildFile; fileRef = E4B7F8911B4E35BE00091C53 /* WXBaseTableView.m */; };
		E4B7F8951B4E35D900091C53 /* WXGifImage.m in Sources */ = {isa = PBXBuildFile; fileRef = E4B7F8941B4E35D900091C53 /* WXGifImage.m */; };
		E4D2A2791BDB38A100499CCF /* WXSearchDisplayController.m in Sources */ = {isa = PBXBuildFile; fileRef = E4D2A2781BDB38A100499CCF /* WXSearchDisplayController.m */; };
		E4D2A27C1BDB396500499CCF /* UIDeviceAddtional.m in Sources */ = {isa = PBXBuildFile; fileRef = E4D2A27B1BDB396500499CCF /* UIDeviceAddtional.m */; };
		E4D2A27F1BDB3AC100499CCF /* NSString+Extra.m in Sources */ = {isa = PBXBuildFile; fileRef = E4D2A27E1BDB3AC100499CCF /* NSString+Extra.m */; };
		E4D2A2841BDB3C8400499CCF /* UIWindowAddition.m in Sources */ = {isa = PBXBuildFile; fileRef = E4D2A2831BDB3C8400499CCF /* UIWindowAddition.m */; };
		E4D2A2A81BDB3E5300499CCF /* QuartzCore.framework in Frameworks */ = {isa = PBXBuildFile; fileRef = E4D2A2A71BDB3E5300499CCF /* QuartzCore.framework */; };
		E4D2A2BF1BDB3F7400499CCF /* arrow.png in Resources */ = {isa = PBXBuildFile; fileRef = E4D2A2AD1BDB3F7400499CCF /* arrow.png */; };
		E4D2A2C01BDB3F7400499CCF /* arrow@2x.png in Resources */ = {isa = PBXBuildFile; fileRef = E4D2A2AE1BDB3F7400499CCF /* arrow@2x.png */; };
		E4D2A2C11BDB3F7400499CCF /* blueAngle.png in Resources */ = {isa = PBXBuildFile; fileRef = E4D2A2AF1BDB3F7400499CCF /* blueAngle.png */; };
		E4D2A2C21BDB3F7400499CCF /* blueAngle@2x.png in Resources */ = {isa = PBXBuildFile; fileRef = E4D2A2B01BDB3F7400499CCF /* blueAngle@2x.png */; };
		E4D2A2C31BDB3F7400499CCF /* blueCircle.png in Resources */ = {isa = PBXBuildFile; fileRef = E4D2A2B11BDB3F7400499CCF /* blueCircle.png */; };
		E4D2A2C41BDB3F7400499CCF /* blueCircle@2x.png in Resources */ = {isa = PBXBuildFile; fileRef = E4D2A2B21BDB3F7400499CCF /* blueCircle@2x.png */; };
		E4D2A2C51BDB3F7400499CCF /* DACircularProgressView.m in Sources */ = {isa = PBXBuildFile; fileRef = E4D2A2B41BDB3F7400499CCF /* DACircularProgressView.m */; };
		E4D2A2C61BDB3F7400499CCF /* grayAngle.png in Resources */ = {isa = PBXBuildFile; fileRef = E4D2A2B51BDB3F7400499CCF /* grayAngle.png */; };
		E4D2A2C71BDB3F7400499CCF /* grayAngle@2x.png in Resources */ = {isa = PBXBuildFile; fileRef = E4D2A2B61BDB3F7400499CCF /* grayAngle@2x.png */; };
		E4D2A2C81BDB3F7400499CCF /* grayCircle.png in Resources */ = {isa = PBXBuildFile; fileRef = E4D2A2B71BDB3F7400499CCF /* grayCircle.png */; };
		E4D2A2C91BDB3F7400499CCF /* grayCircle@2x.png in Resources */ = {isa = PBXBuildFile; fileRef = E4D2A2B81BDB3F7400499CCF /* grayCircle@2x.png */; };
		E4D2A2CA1BDB3F7400499CCF /* RSPullToRefreshImageView.m in Sources */ = {isa = PBXBuildFile; fileRef = E4D2A2BA1BDB3F7400499CCF /* RSPullToRefreshImageView.m */; };
		E4D2A2CB1BDB3F7400499CCF /* SVPullToRefresh.m in Sources */ = {isa = PBXBuildFile; fileRef = E4D2A2BC1BDB3F7400499CCF /* SVPullToRefresh.m */; };
		E4D2A2CC1BDB3F7400499CCF /* XYPullToRefreshImageview.m in Sources */ = {isa = PBXBuildFile; fileRef = E4D2A2BE1BDB3F7400499CCF /* XYPullToRefreshImageview.m */; };
		E4D2A2CF1BDB403B00499CCF /* UIViewAdditions.m in Sources */ = {isa = PBXBuildFile; fileRef = E4D2A2CE1BDB403B00499CCF /* UIViewAdditions.m */; };
		E4D2A2F21BDB525100499CCF /* ViewCreatorHelper.m in Sources */ = {isa = PBXBuildFile; fileRef = E4D2A2F11BDB525100499CCF /* ViewCreatorHelper.m */; };
		E4DEF9381BE5C1280025F1A8 /* WXHomeTableViewCell.m in Sources */ = {isa = PBXBuildFile; fileRef = E4DEF92F1BE5C1280025F1A8 /* WXHomeTableViewCell.m */; };
		E4DEF9391BE5C1280025F1A8 /* WXHomeTableViewItem.m in Sources */ = {isa = PBXBuildFile; fileRef = E4DEF9311BE5C1280025F1A8 /* WXHomeTableViewItem.m */; };
		E4DEF93A1BE5C1280025F1A8 /* WXHomeTableViewObject.m in Sources */ = {isa = PBXBuildFile; fileRef = E4DEF9331BE5C1280025F1A8 /* WXHomeTableViewObject.m */; };
		E4DEF93B1BE5C1280025F1A8 /* WXHomeViewController.m in Sources */ = {isa = PBXBuildFile; fileRef = E4DEF9351BE5C1280025F1A8 /* WXHomeViewController.m */; };
		E4DEF93C1BE5C1280025F1A8 /* WXHomeViewDataSource.m in Sources */ = {isa = PBXBuildFile; fileRef = E4DEF9371BE5C1280025F1A8 /* WXHomeViewDataSource.m */; };
		E4DEF93F1BE5C15A0025F1A8 /* ColleagueViewController.m in Sources */ = {isa = PBXBuildFile; fileRef = E4DEF93E1BE5C15A0025F1A8 /* ColleagueViewController.m */; };
		E4DEF9441BE5C8A80025F1A8 /* Localization.strings in Resources */ = {isa = PBXBuildFile; fileRef = E4DEF9461BE5C8A80025F1A8 /* Localization.strings */; };
		E4DEF94A1BE5C9A10025F1A8 /* ColleagueDataSource.m in Sources */ = {isa = PBXBuildFile; fileRef = E4DEF9491BE5C9A10025F1A8 /* ColleagueDataSource.m */; };
		E4DEF9511BE5D54F0025F1A8 /* AddressBook.framework in Frameworks */ = {isa = PBXBuildFile; fileRef = E4DEF94F1BE5D54F0025F1A8 /* AddressBook.framework */; };
		E4DEF9521BE5D54F0025F1A8 /* AddressBookUI.framework in Frameworks */ = {isa = PBXBuildFile; fileRef = E4DEF9501BE5D54F0025F1A8 /* AddressBookUI.framework */; };
		E4DEF9551BE5D9140025F1A8 /* AddressBookModel.m in Sources */ = {isa = PBXBuildFile; fileRef = E4DEF9541BE5D9140025F1A8 /* AddressBookModel.m */; };
		E4F11DAF1BC544CB00840BE1 /* ClickedBlockViewController.m in Sources */ = {isa = PBXBuildFile; fileRef = E4F11DAE1BC544CB00840BE1 /* ClickedBlockViewController.m */; };
/* End PBXBuildFile section */

/* Begin PBXContainerItemProxy section */
		E48DAE831B426D430080E009 /* PBXContainerItemProxy */ = {
			isa = PBXContainerItemProxy;
			containerPortal = E48DAE5E1B426D430080E009 /* Project object */;
			proxyType = 1;
			remoteGlobalIDString = E48DAE651B426D430080E009;
			remoteInfo = WXCore;
		};
/* End PBXContainerItemProxy section */

/* Begin PBXFileReference section */
		E481EC9B1BD7E6C800AF8215 /* WXUserInfoViewcontroller.h */ = {isa = PBXFileReference; fileEncoding = 4; lastKnownFileType = sourcecode.c.h; path = WXUserInfoViewcontroller.h; sourceTree = "<group>"; };
		E481EC9C1BD7E6C800AF8215 /* WXUserInfoViewcontroller.m */ = {isa = PBXFileReference; fileEncoding = 4; lastKnownFileType = sourcecode.c.objc; path = WXUserInfoViewcontroller.m; sourceTree = "<group>"; };
		E481ECA91BD7F05400AF8215 /* NSObjectAddition.h */ = {isa = PBXFileReference; fileEncoding = 4; lastKnownFileType = sourcecode.c.h; path = NSObjectAddition.h; sourceTree = "<group>"; };
		E481ECAA1BD7F05400AF8215 /* NSObjectAddition.m */ = {isa = PBXFileReference; fileEncoding = 4; lastKnownFileType = sourcecode.c.objc; path = NSObjectAddition.m; sourceTree = "<group>"; };
		E48336BA1B7469B800288616 /* UIButton+Blcok.h */ = {isa = PBXFileReference; fileEncoding = 4; lastKnownFileType = sourcecode.c.h; path = "UIButton+Blcok.h"; sourceTree = "<group>"; };
		E48336BB1B7469B800288616 /* UIButton+Blcok.m */ = {isa = PBXFileReference; fileEncoding = 4; lastKnownFileType = sourcecode.c.objc; path = "UIButton+Blcok.m"; sourceTree = "<group>"; };
		E48336C41B7469F700288616 /* RIButtonItem.h */ = {isa = PBXFileReference; fileEncoding = 4; lastKnownFileType = sourcecode.c.h; path = RIButtonItem.h; sourceTree = "<group>"; };
		E48336C51B7469F700288616 /* RIButtonItem.m */ = {isa = PBXFileReference; fileEncoding = 4; lastKnownFileType = sourcecode.c.objc; path = RIButtonItem.m; sourceTree = "<group>"; };
		E48336C61B7469F700288616 /* UIActionSheet+Blocks.h */ = {isa = PBXFileReference; fileEncoding = 4; lastKnownFileType = sourcecode.c.h; path = "UIActionSheet+Blocks.h"; sourceTree = "<group>"; };
		E48336C71B7469F700288616 /* UIActionSheet+Blocks.m */ = {isa = PBXFileReference; fileEncoding = 4; lastKnownFileType = sourcecode.c.objc; path = "UIActionSheet+Blocks.m"; sourceTree = "<group>"; };
		E48336C81B7469F700288616 /* UIAlertView+Blocks.h */ = {isa = PBXFileReference; fileEncoding = 4; lastKnownFileType = sourcecode.c.h; path = "UIAlertView+Blocks.h"; sourceTree = "<group>"; };
		E48336C91B7469F700288616 /* UIAlertView+Blocks.m */ = {isa = PBXFileReference; fileEncoding = 4; lastKnownFileType = sourcecode.c.objc; path = "UIAlertView+Blocks.m"; sourceTree = "<group>"; };
		E48336CD1B746C0100288616 /* WXDefines.h */ = {isa = PBXFileReference; lastKnownFileType = sourcecode.c.h; path = WXDefines.h; sourceTree = "<group>"; };
		E48336CE1B746C7800288616 /* WXCode.h */ = {isa = PBXFileReference; lastKnownFileType = sourcecode.c.h; name = WXCode.h; path = ../WXCode.h; sourceTree = "<group>"; };
		E48336CF1B746CCB00288616 /* WXCore-Prefix.pch */ = {isa = PBXFileReference; lastKnownFileType = sourcecode.c.h; path = "WXCore-Prefix.pch"; sourceTree = "<group>"; };
		E48DAE661B426D430080E009 /* WXCore.app */ = {isa = PBXFileReference; explicitFileType = wrapper.application; includeInIndex = 0; path = WXCore.app; sourceTree = BUILT_PRODUCTS_DIR; };
		E48DAE6A1B426D430080E009 /* Info.plist */ = {isa = PBXFileReference; lastKnownFileType = text.plist.xml; path = Info.plist; sourceTree = "<group>"; };
		E48DAE6B1B426D430080E009 /* main.m */ = {isa = PBXFileReference; lastKnownFileType = sourcecode.c.objc; path = main.m; sourceTree = "<group>"; };
		E48DAE6D1B426D430080E009 /* AppDelegate.h */ = {isa = PBXFileReference; lastKnownFileType = sourcecode.c.h; path = AppDelegate.h; sourceTree = "<group>"; };
		E48DAE6E1B426D430080E009 /* AppDelegate.m */ = {isa = PBXFileReference; lastKnownFileType = sourcecode.c.objc; path = AppDelegate.m; sourceTree = "<group>"; };
		E48DAE711B426D430080E009 /* WXCore.xcdatamodel */ = {isa = PBXFileReference; lastKnownFileType = wrapper.xcdatamodel; path = WXCore.xcdatamodel; sourceTree = "<group>"; };
		E48DAE731B426D430080E009 /* ViewController.h */ = {isa = PBXFileReference; lastKnownFileType = sourcecode.c.h; path = ViewController.h; sourceTree = "<group>"; };
		E48DAE741B426D430080E009 /* ViewController.m */ = {isa = PBXFileReference; lastKnownFileType = sourcecode.c.objc; path = ViewController.m; sourceTree = "<group>"; };
		E48DAE771B426D430080E009 /* Base */ = {isa = PBXFileReference; lastKnownFileType = file.storyboard; name = Base; path = Base.lproj/Main.storyboard; sourceTree = "<group>"; };
		E48DAE791B426D430080E009 /* Images.xcassets */ = {isa = PBXFileReference; lastKnownFileType = folder.assetcatalog; path = Images.xcassets; sourceTree = "<group>"; };
		E48DAE7C1B426D430080E009 /* Base */ = {isa = PBXFileReference; lastKnownFileType = file.xib; name = Base; path = Base.lproj/LaunchScreen.xib; sourceTree = "<group>"; };
		E48DAE821B426D430080E009 /* WXCoreTests.xctest */ = {isa = PBXFileReference; explicitFileType = wrapper.cfbundle; includeInIndex = 0; path = WXCoreTests.xctest; sourceTree = BUILT_PRODUCTS_DIR; };
		E48DAE871B426D430080E009 /* Info.plist */ = {isa = PBXFileReference; lastKnownFileType = text.plist.xml; path = Info.plist; sourceTree = "<group>"; };
		E48DAE881B426D430080E009 /* WXCoreTests.m */ = {isa = PBXFileReference; lastKnownFileType = sourcecode.c.objc; path = WXCoreTests.m; sourceTree = "<group>"; };
		E48DAE931B426E200080E009 /* WXCoreDataManager.h */ = {isa = PBXFileReference; fileEncoding = 4; lastKnownFileType = sourcecode.c.h; path = WXCoreDataManager.h; sourceTree = "<group>"; };
		E48DAE941B426E200080E009 /* WXCoreDataManager.m */ = {isa = PBXFileReference; fileEncoding = 4; lastKnownFileType = sourcecode.c.objc; path = WXCoreDataManager.m; sourceTree = "<group>"; };
		E48DAE961B426F880080E009 /* WXUtility.h */ = {isa = PBXFileReference; fileEncoding = 4; lastKnownFileType = sourcecode.c.h; path = WXUtility.h; sourceTree = "<group>"; };
		E48DAE971B426F880080E009 /* WXUtility.m */ = {isa = PBXFileReference; fileEncoding = 4; lastKnownFileType = sourcecode.c.objc; path = WXUtility.m; sourceTree = "<group>"; };
		E4B7F86C1B4E307500091C53 /* WXBaseViewController.h */ = {isa = PBXFileReference; fileEncoding = 4; lastKnownFileType = sourcecode.c.h; path = WXBaseViewController.h; sourceTree = "<group>"; };
		E4B7F86D1B4E307500091C53 /* WXBaseViewController.m */ = {isa = PBXFileReference; fileEncoding = 4; lastKnownFileType = sourcecode.c.objc; path = WXBaseViewController.m; sourceTree = "<group>"; };
		E4B7F8751B4E315C00091C53 /* WXTableViewController.h */ = {isa = PBXFileReference; fileEncoding = 4; lastKnownFileType = sourcecode.c.h; path = WXTableViewController.h; sourceTree = "<group>"; };
		E4B7F8761B4E315C00091C53 /* WXTableViewController.m */ = {isa = PBXFileReference; fileEncoding = 4; lastKnownFileType = sourcecode.c.objc; path = WXTableViewController.m; sourceTree = "<group>"; };
		E4B7F8781B4E317600091C53 /* WXTableViewCell.h */ = {isa = PBXFileReference; fileEncoding = 4; lastKnownFileType = sourcecode.c.h; path = WXTableViewCell.h; sourceTree = "<group>"; };
		E4B7F8791B4E317600091C53 /* WXTableViewCell.m */ = {isa = PBXFileReference; fileEncoding = 4; lastKnownFileType = sourcecode.c.objc; path = WXTableViewCell.m; sourceTree = "<group>"; };
		E4B7F87B1B4E318F00091C53 /* WXTableViewLoadMoreCell.h */ = {isa = PBXFileReference; fileEncoding = 4; lastKnownFileType = sourcecode.c.h; path = WXTableViewLoadMoreCell.h; sourceTree = "<group>"; };
		E4B7F87C1B4E318F00091C53 /* WXTableViewLoadMoreCell.m */ = {isa = PBXFileReference; fileEncoding = 4; lastKnownFileType = sourcecode.c.objc; path = WXTableViewLoadMoreCell.m; sourceTree = "<group>"; };
		E4B7F87E1B4E31F300091C53 /* WXTableViewDataSource.h */ = {isa = PBXFileReference; fileEncoding = 4; lastKnownFileType = sourcecode.c.h; path = WXTableViewDataSource.h; sourceTree = "<group>"; };
		E4B7F87F1B4E31F300091C53 /* WXTableViewDataSource.m */ = {isa = PBXFileReference; fileEncoding = 4; lastKnownFileType = sourcecode.c.objc; path = WXTableViewDataSource.m; sourceTree = "<group>"; };
		E4B7F8811B4E320D00091C53 /* WXTableViewSectionedDataSource.h */ = {isa = PBXFileReference; fileEncoding = 4; lastKnownFileType = sourcecode.c.h; path = WXTableViewSectionedDataSource.h; sourceTree = "<group>"; };
		E4B7F8821B4E320D00091C53 /* WXTableViewSectionedDataSource.m */ = {isa = PBXFileReference; fileEncoding = 4; lastKnownFileType = sourcecode.c.objc; path = WXTableViewSectionedDataSource.m; sourceTree = "<group>"; };
		E4B7F8841B4E322900091C53 /* WXTableViewItem.h */ = {isa = PBXFileReference; fileEncoding = 4; lastKnownFileType = sourcecode.c.h; path = WXTableViewItem.h; sourceTree = "<group>"; };
		E4B7F8851B4E322900091C53 /* WXTableViewItem.m */ = {isa = PBXFileReference; fileEncoding = 4; lastKnownFileType = sourcecode.c.objc; path = WXTableViewItem.m; sourceTree = "<group>"; };
		E4B7F8871B4E323E00091C53 /* WXTableViewLoadMoreItem.h */ = {isa = PBXFileReference; fileEncoding = 4; lastKnownFileType = sourcecode.c.h; path = WXTableViewLoadMoreItem.h; sourceTree = "<group>"; };
		E4B7F8881B4E323E00091C53 /* WXTableViewLoadMoreItem.m */ = {isa = PBXFileReference; fileEncoding = 4; lastKnownFileType = sourcecode.c.objc; path = WXTableViewLoadMoreItem.m; sourceTree = "<group>"; };
		E4B7F88A1B4E325800091C53 /* WXTableViewSectionObject.h */ = {isa = PBXFileReference; fileEncoding = 4; lastKnownFileType = sourcecode.c.h; path = WXTableViewSectionObject.h; sourceTree = "<group>"; };
		E4B7F88B1B4E325800091C53 /* WXTableViewSectionObject.m */ = {isa = PBXFileReference; fileEncoding = 4; lastKnownFileType = sourcecode.c.objc; path = WXTableViewSectionObject.m; sourceTree = "<group>"; };
		E4B7F88D1B4E357400091C53 /* WXErrorView.h */ = {isa = PBXFileReference; fileEncoding = 4; lastKnownFileType = sourcecode.c.h; path = WXErrorView.h; sourceTree = "<group>"; };
		E4B7F88E1B4E357400091C53 /* WXErrorView.m */ = {isa = PBXFileReference; fileEncoding = 4; lastKnownFileType = sourcecode.c.objc; path = WXErrorView.m; sourceTree = "<group>"; };
		E4B7F8901B4E35BE00091C53 /* WXBaseTableView.h */ = {isa = PBXFileReference; fileEncoding = 4; lastKnownFileType = sourcecode.c.h; path = WXBaseTableView.h; sourceTree = "<group>"; };
		E4B7F8911B4E35BE00091C53 /* WXBaseTableView.m */ = {isa = PBXFileReference; fileEncoding = 4; lastKnownFileType = sourcecode.c.objc; path = WXBaseTableView.m; sourceTree = "<group>"; };
		E4B7F8931B4E35D900091C53 /* WXGifImage.h */ = {isa = PBXFileReference; fileEncoding = 4; lastKnownFileType = sourcecode.c.h; path = WXGifImage.h; sourceTree = "<group>"; };
		E4B7F8941B4E35D900091C53 /* WXGifImage.m */ = {isa = PBXFileReference; fileEncoding = 4; lastKnownFileType = sourcecode.c.objc; path = WXGifImage.m; sourceTree = "<group>"; };
		E4B7F8961B4E361100091C53 /* WXTableviewKit.h */ = {isa = PBXFileReference; lastKnownFileType = sourcecode.c.h; path = WXTableviewKit.h; sourceTree = "<group>"; };
		E4D2A2771BDB38A100499CCF /* WXSearchDisplayController.h */ = {isa = PBXFileReference; fileEncoding = 4; lastKnownFileType = sourcecode.c.h; path = WXSearchDisplayController.h; sourceTree = "<group>"; };
		E4D2A2781BDB38A100499CCF /* WXSearchDisplayController.m */ = {isa = PBXFileReference; fileEncoding = 4; lastKnownFileType = sourcecode.c.objc; path = WXSearchDisplayController.m; sourceTree = "<group>"; };
		E4D2A27A1BDB396500499CCF /* UIDeviceAddtional.h */ = {isa = PBXFileReference; fileEncoding = 4; lastKnownFileType = sourcecode.c.h; path = UIDeviceAddtional.h; sourceTree = "<group>"; };
		E4D2A27B1BDB396500499CCF /* UIDeviceAddtional.m */ = {isa = PBXFileReference; fileEncoding = 4; lastKnownFileType = sourcecode.c.objc; path = UIDeviceAddtional.m; sourceTree = "<group>"; };
		E4D2A27D1BDB3AC100499CCF /* NSString+Extra.h */ = {isa = PBXFileReference; fileEncoding = 4; lastKnownFileType = sourcecode.c.h; path = "NSString+Extra.h"; sourceTree = "<group>"; };
		E4D2A27E1BDB3AC100499CCF /* NSString+Extra.m */ = {isa = PBXFileReference; fileEncoding = 4; lastKnownFileType = sourcecode.c.objc; path = "NSString+Extra.m"; sourceTree = "<group>"; };
		E4D2A2811BDB3C7000499CCF /* UIWindowAddition.h */ = {isa = PBXFileReference; fileEncoding = 4; lastKnownFileType = sourcecode.c.h; path = UIWindowAddition.h; sourceTree = "<group>"; };
		E4D2A2831BDB3C8400499CCF /* UIWindowAddition.m */ = {isa = PBXFileReference; fileEncoding = 4; lastKnownFileType = sourcecode.c.objc; path = UIWindowAddition.m; sourceTree = "<group>"; };
		E4D2A2A71BDB3E5300499CCF /* QuartzCore.framework */ = {isa = PBXFileReference; lastKnownFileType = wrapper.framework; name = QuartzCore.framework; path = System/Library/Frameworks/QuartzCore.framework; sourceTree = SDKROOT; };
		E4D2A2AD1BDB3F7400499CCF /* arrow.png */ = {isa = PBXFileReference; lastKnownFileType = image.png; path = arrow.png; sourceTree = "<group>"; };
		E4D2A2AE1BDB3F7400499CCF /* arrow@2x.png */ = {isa = PBXFileReference; lastKnownFileType = image.png; path = "arrow@2x.png"; sourceTree = "<group>"; };
		E4D2A2AF1BDB3F7400499CCF /* blueAngle.png */ = {isa = PBXFileReference; lastKnownFileType = image.png; path = blueAngle.png; sourceTree = "<group>"; };
		E4D2A2B01BDB3F7400499CCF /* blueAngle@2x.png */ = {isa = PBXFileReference; lastKnownFileType = image.png; path = "blueAngle@2x.png"; sourceTree = "<group>"; };
		E4D2A2B11BDB3F7400499CCF /* blueCircle.png */ = {isa = PBXFileReference; lastKnownFileType = image.png; path = blueCircle.png; sourceTree = "<group>"; };
		E4D2A2B21BDB3F7400499CCF /* blueCircle@2x.png */ = {isa = PBXFileReference; lastKnownFileType = image.png; path = "blueCircle@2x.png"; sourceTree = "<group>"; };
		E4D2A2B31BDB3F7400499CCF /* DACircularProgressView.h */ = {isa = PBXFileReference; fileEncoding = 4; lastKnownFileType = sourcecode.c.h; path = DACircularProgressView.h; sourceTree = "<group>"; };
		E4D2A2B41BDB3F7400499CCF /* DACircularProgressView.m */ = {isa = PBXFileReference; fileEncoding = 4; lastKnownFileType = sourcecode.c.objc; path = DACircularProgressView.m; sourceTree = "<group>"; };
		E4D2A2B51BDB3F7400499CCF /* grayAngle.png */ = {isa = PBXFileReference; lastKnownFileType = image.png; path = grayAngle.png; sourceTree = "<group>"; };
		E4D2A2B61BDB3F7400499CCF /* grayAngle@2x.png */ = {isa = PBXFileReference; lastKnownFileType = image.png; path = "grayAngle@2x.png"; sourceTree = "<group>"; };
		E4D2A2B71BDB3F7400499CCF /* grayCircle.png */ = {isa = PBXFileReference; lastKnownFileType = image.png; path = grayCircle.png; sourceTree = "<group>"; };
		E4D2A2B81BDB3F7400499CCF /* grayCircle@2x.png */ = {isa = PBXFileReference; lastKnownFileType = image.png; path = "grayCircle@2x.png"; sourceTree = "<group>"; };
		E4D2A2B91BDB3F7400499CCF /* RSPullToRefreshImageView.h */ = {isa = PBXFileReference; fileEncoding = 4; lastKnownFileType = sourcecode.c.h; path = RSPullToRefreshImageView.h; sourceTree = "<group>"; };
		E4D2A2BA1BDB3F7400499CCF /* RSPullToRefreshImageView.m */ = {isa = PBXFileReference; fileEncoding = 4; lastKnownFileType = sourcecode.c.objc; path = RSPullToRefreshImageView.m; sourceTree = "<group>"; };
		E4D2A2BB1BDB3F7400499CCF /* SVPullToRefresh.h */ = {isa = PBXFileReference; fileEncoding = 4; lastKnownFileType = sourcecode.c.h; path = SVPullToRefresh.h; sourceTree = "<group>"; };
		E4D2A2BC1BDB3F7400499CCF /* SVPullToRefresh.m */ = {isa = PBXFileReference; fileEncoding = 4; lastKnownFileType = sourcecode.c.objc; path = SVPullToRefresh.m; sourceTree = "<group>"; };
		E4D2A2BD1BDB3F7400499CCF /* XYPullToRefreshImageview.h */ = {isa = PBXFileReference; fileEncoding = 4; lastKnownFileType = sourcecode.c.h; path = XYPullToRefreshImageview.h; sourceTree = "<group>"; };
		E4D2A2BE1BDB3F7400499CCF /* XYPullToRefreshImageview.m */ = {isa = PBXFileReference; fileEncoding = 4; lastKnownFileType = sourcecode.c.objc; path = XYPullToRefreshImageview.m; sourceTree = "<group>"; };
		E4D2A2CD1BDB403B00499CCF /* UIViewAdditions.h */ = {isa = PBXFileReference; fileEncoding = 4; lastKnownFileType = sourcecode.c.h; path = UIViewAdditions.h; sourceTree = "<group>"; };
		E4D2A2CE1BDB403B00499CCF /* UIViewAdditions.m */ = {isa = PBXFileReference; fileEncoding = 4; lastKnownFileType = sourcecode.c.objc; path = UIViewAdditions.m; sourceTree = "<group>"; };
		E4D2A2F01BDB525100499CCF /* ViewCreatorHelper.h */ = {isa = PBXFileReference; fileEncoding = 4; lastKnownFileType = sourcecode.c.h; path = ViewCreatorHelper.h; sourceTree = "<group>"; };
		E4D2A2F11BDB525100499CCF /* ViewCreatorHelper.m */ = {isa = PBXFileReference; fileEncoding = 4; lastKnownFileType = sourcecode.c.objc; path = ViewCreatorHelper.m; sourceTree = "<group>"; };
		E4DEF92E1BE5C1280025F1A8 /* WXHomeTableViewCell.h */ = {isa = PBXFileReference; fileEncoding = 4; lastKnownFileType = sourcecode.c.h; path = WXHomeTableViewCell.h; sourceTree = "<group>"; };
		E4DEF92F1BE5C1280025F1A8 /* WXHomeTableViewCell.m */ = {isa = PBXFileReference; fileEncoding = 4; lastKnownFileType = sourcecode.c.objc; path = WXHomeTableViewCell.m; sourceTree = "<group>"; };
		E4DEF9301BE5C1280025F1A8 /* WXHomeTableViewItem.h */ = {isa = PBXFileReference; fileEncoding = 4; lastKnownFileType = sourcecode.c.h; path = WXHomeTableViewItem.h; sourceTree = "<group>"; };
		E4DEF9311BE5C1280025F1A8 /* WXHomeTableViewItem.m */ = {isa = PBXFileReference; fileEncoding = 4; lastKnownFileType = sourcecode.c.objc; path = WXHomeTableViewItem.m; sourceTree = "<group>"; };
		E4DEF9321BE5C1280025F1A8 /* WXHomeTableViewObject.h */ = {isa = PBXFileReference; fileEncoding = 4; lastKnownFileType = sourcecode.c.h; path = WXHomeTableViewObject.h; sourceTree = "<group>"; };
		E4DEF9331BE5C1280025F1A8 /* WXHomeTableViewObject.m */ = {isa = PBXFileReference; fileEncoding = 4; lastKnownFileType = sourcecode.c.objc; path = WXHomeTableViewObject.m; sourceTree = "<group>"; };
		E4DEF9341BE5C1280025F1A8 /* WXHomeViewController.h */ = {isa = PBXFileReference; fileEncoding = 4; lastKnownFileType = sourcecode.c.h; path = WXHomeViewController.h; sourceTree = "<group>"; };
		E4DEF9351BE5C1280025F1A8 /* WXHomeViewController.m */ = {isa = PBXFileReference; fileEncoding = 4; lastKnownFileType = sourcecode.c.objc; path = WXHomeViewController.m; sourceTree = "<group>"; };
		E4DEF9361BE5C1280025F1A8 /* WXHomeViewDataSource.h */ = {isa = PBXFileReference; fileEncoding = 4; lastKnownFileType = sourcecode.c.h; path = WXHomeViewDataSource.h; sourceTree = "<group>"; };
		E4DEF9371BE5C1280025F1A8 /* WXHomeViewDataSource.m */ = {isa = PBXFileReference; fileEncoding = 4; lastKnownFileType = sourcecode.c.objc; path = WXHomeViewDataSource.m; sourceTree = "<group>"; };
		E4DEF93D1BE5C15A0025F1A8 /* ColleagueViewController.h */ = {isa = PBXFileReference; fileEncoding = 4; lastKnownFileType = sourcecode.c.h; path = ColleagueViewController.h; sourceTree = "<group>"; };
		E4DEF93E1BE5C15A0025F1A8 /* ColleagueViewController.m */ = {isa = PBXFileReference; fileEncoding = 4; lastKnownFileType = sourcecode.c.objc; path = ColleagueViewController.m; sourceTree = "<group>"; };
		E4DEF9421BE5C89D0025F1A8 /* zh-Hans */ = {isa = PBXFileReference; lastKnownFileType = text.plist.strings; name = "zh-Hans"; path = "zh-Hans.lproj/Main.strings"; sourceTree = "<group>"; };
		E4DEF9431BE5C89D0025F1A8 /* zh-Hans */ = {isa = PBXFileReference; lastKnownFileType = text.plist.strings; name = "zh-Hans"; path = "zh-Hans.lproj/LaunchScreen.strings"; sourceTree = "<group>"; };
		E4DEF9451BE5C8A80025F1A8 /* en */ = {isa = PBXFileReference; lastKnownFileType = text.plist.strings; name = en; path = en.lproj/Localization.strings; sourceTree = "<group>"; };
		E4DEF9471BE5C8AB0025F1A8 /* zh-Hans */ = {isa = PBXFileReference; lastKnownFileType = text.plist.strings; name = "zh-Hans"; path = "zh-Hans.lproj/Localization.strings"; sourceTree = "<group>"; };
		E4DEF9481BE5C9A10025F1A8 /* ColleagueDataSource.h */ = {isa = PBXFileReference; fileEncoding = 4; lastKnownFileType = sourcecode.c.h; path = ColleagueDataSource.h; sourceTree = "<group>"; };
		E4DEF9491BE5C9A10025F1A8 /* ColleagueDataSource.m */ = {isa = PBXFileReference; fileEncoding = 4; lastKnownFileType = sourcecode.c.objc; path = ColleagueDataSource.m; sourceTree = "<group>"; };
		E4DEF94F1BE5D54F0025F1A8 /* AddressBook.framework */ = {isa = PBXFileReference; lastKnownFileType = wrapper.framework; name = AddressBook.framework; path = System/Library/Frameworks/AddressBook.framework; sourceTree = SDKROOT; };
		E4DEF9501BE5D54F0025F1A8 /* AddressBookUI.framework */ = {isa = PBXFileReference; lastKnownFileType = wrapper.framework; name = AddressBookUI.framework; path = System/Library/Frameworks/AddressBookUI.framework; sourceTree = SDKROOT; };
		E4DEF9531BE5D9140025F1A8 /* AddressBookModel.h */ = {isa = PBXFileReference; fileEncoding = 4; lastKnownFileType = sourcecode.c.h; path = AddressBookModel.h; sourceTree = "<group>"; };
		E4DEF9541BE5D9140025F1A8 /* AddressBookModel.m */ = {isa = PBXFileReference; fileEncoding = 4; lastKnownFileType = sourcecode.c.objc; path = AddressBookModel.m; sourceTree = "<group>"; };
		E4F11DAD1BC544CB00840BE1 /* ClickedBlockViewController.h */ = {isa = PBXFileReference; fileEncoding = 4; lastKnownFileType = sourcecode.c.h; path = ClickedBlockViewController.h; sourceTree = "<group>"; };
		E4F11DAE1BC544CB00840BE1 /* ClickedBlockViewController.m */ = {isa = PBXFileReference; fileEncoding = 4; lastKnownFileType = sourcecode.c.objc; path = ClickedBlockViewController.m; sourceTree = "<group>"; };
/* End PBXFileReference section */

/* Begin PBXFrameworksBuildPhase section */
		E48DAE631B426D430080E009 /* Frameworks */ = {
			isa = PBXFrameworksBuildPhase;
			buildActionMask = 2147483647;
			files = (
				E4DEF9511BE5D54F0025F1A8 /* AddressBook.framework in Frameworks */,
				E4DEF9521BE5D54F0025F1A8 /* AddressBookUI.framework in Frameworks */,
				E4D2A2A81BDB3E5300499CCF /* QuartzCore.framework in Frameworks */,
			);
			runOnlyForDeploymentPostprocessing = 0;
		};
		E48DAE7F1B426D430080E009 /* Frameworks */ = {
			isa = PBXFrameworksBuildPhase;
			buildActionMask = 2147483647;
			files = (
			);
			runOnlyForDeploymentPostprocessing = 0;
		};
/* End PBXFrameworksBuildPhase section */

/* Begin PBXGroup section */
		E481EC941BD7E6A900AF8215 /* Core */ = {
			isa = PBXGroup;
			children = (
				E481EC951BD7E6A900AF8215 /* UITabar */,
			);
			path = Core;
			sourceTree = "<group>";
		};
		E481EC951BD7E6A900AF8215 /* UITabar */ = {
			isa = PBXGroup;
			children = (
				E4DEF92B1BE5C1280025F1A8 /* HomeViewController */,
				E481EC971BD7E6A900AF8215 /* UserInfoViewcontroller */,
			);
			path = UITabar;
			sourceTree = "<group>";
		};
		E481EC971BD7E6A900AF8215 /* UserInfoViewcontroller */ = {
			isa = PBXGroup;
			children = (
				E481EC9B1BD7E6C800AF8215 /* WXUserInfoViewcontroller.h */,
				E481EC9C1BD7E6C800AF8215 /* WXUserInfoViewcontroller.m */,
			);
			path = UserInfoViewcontroller;
			sourceTree = "<group>";
		};
		E48336B91B7469B200288616 /* WXCategory */ = {
			isa = PBXGroup;
			children = (
				E48336C31B7469F700288616 /* UIAlertView-Blocks */,
				E48336BA1B7469B800288616 /* UIButton+Blcok.h */,
				E48336BB1B7469B800288616 /* UIButton+Blcok.m */,
			);
			path = WXCategory;
			sourceTree = "<group>";
		};
		E48336C31B7469F700288616 /* UIAlertView-Blocks */ = {
			isa = PBXGroup;
			children = (
				E48336C41B7469F700288616 /* RIButtonItem.h */,
				E48336C51B7469F700288616 /* RIButtonItem.m */,
				E48336C61B7469F700288616 /* UIActionSheet+Blocks.h */,
				E48336C71B7469F700288616 /* UIActionSheet+Blocks.m */,
				E48336C81B7469F700288616 /* UIAlertView+Blocks.h */,
				E48336C91B7469F700288616 /* UIAlertView+Blocks.m */,
			);
			path = "UIAlertView-Blocks";
			sourceTree = "<group>";
		};
		E48DAE5D1B426D430080E009 = {
			isa = PBXGroup;
			children = (
				E4DEF94E1BE5D5440025F1A8 /* Frameworks */,
				E48DAE681B426D430080E009 /* WXCore */,
				E48DAE851B426D430080E009 /* WXCoreTests */,
				E48DAE671B426D430080E009 /* Products */,
			);
			sourceTree = "<group>";
		};
		E48DAE671B426D430080E009 /* Products */ = {
			isa = PBXGroup;
			children = (
				E48DAE661B426D430080E009 /* WXCore.app */,
				E48DAE821B426D430080E009 /* WXCoreTests.xctest */,
			);
			name = Products;
			sourceTree = "<group>";
		};
		E48DAE681B426D430080E009 /* WXCore */ = {
			isa = PBXGroup;
			children = (
				E4D2A2F01BDB525100499CCF /* ViewCreatorHelper.h */,
				E4D2A2F11BDB525100499CCF /* ViewCreatorHelper.m */,
				E481EC941BD7E6A900AF8215 /* Core */,
				E48DAE921B426DFA0080E009 /* CoreData */,
				E48DAE6D1B426D430080E009 /* AppDelegate.h */,
				E48DAE6E1B426D430080E009 /* AppDelegate.m */,
				E4B7F8661B4E305700091C53 /* WXCore */,
				E48DAE731B426D430080E009 /* ViewController.h */,
				E48DAE741B426D430080E009 /* ViewController.m */,
				E48DAE761B426D430080E009 /* Main.storyboard */,
				E48DAE791B426D430080E009 /* Images.xcassets */,
				E48DAE7B1B426D430080E009 /* LaunchScreen.xib */,
				E48DAE701B426D430080E009 /* WXCore.xcdatamodeld */,
				E48DAE691B426D430080E009 /* Supporting Files */,
				E48336CF1B746CCB00288616 /* WXCore-Prefix.pch */,
				E4F11DAD1BC544CB00840BE1 /* ClickedBlockViewController.h */,
				E4F11DAE1BC544CB00840BE1 /* ClickedBlockViewController.m */,
			);
			path = WXCore;
			sourceTree = "<group>";
		};
		E48DAE691B426D430080E009 /* Supporting Files */ = {
			isa = PBXGroup;
			children = (
				E48DAE6A1B426D430080E009 /* Info.plist */,
				E48DAE6B1B426D430080E009 /* main.m */,
				E4DEF9461BE5C8A80025F1A8 /* Localization.strings */,
			);
			name = "Supporting Files";
			sourceTree = "<group>";
		};
		E48DAE851B426D430080E009 /* WXCoreTests */ = {
			isa = PBXGroup;
			children = (
				E48DAE881B426D430080E009 /* WXCoreTests.m */,
				E48DAE861B426D430080E009 /* Supporting Files */,
			);
			path = WXCoreTests;
			sourceTree = "<group>";
		};
		E48DAE861B426D430080E009 /* Supporting Files */ = {
			isa = PBXGroup;
			children = (
				E48DAE871B426D430080E009 /* Info.plist */,
			);
			name = "Supporting Files";
			sourceTree = "<group>";
		};
		E48DAE921B426DFA0080E009 /* CoreData */ = {
			isa = PBXGroup;
			children = (
				E48DAE931B426E200080E009 /* WXCoreDataManager.h */,
				E48DAE941B426E200080E009 /* WXCoreDataManager.m */,
				E48DAE961B426F880080E009 /* WXUtility.h */,
				E48DAE971B426F880080E009 /* WXUtility.m */,
			);
			path = CoreData;
			sourceTree = "<group>";
		};
		E4B7F8661B4E305700091C53 /* WXCore */ = {
			isa = PBXGroup;
			children = (
				E4D2A2851BDB3E3300499CCF /* WXThirdPartFramework */,
				E48336B91B7469B200288616 /* WXCategory */,
				E4B7F8681B4E305700091C53 /* WXBaseViewController */,
				E4B7F8671B4E305700091C53 /* WXAddtional */,
				E4B7F86F1B4E311400091C53 /* WXTableViewController */,
				E4B7F8691B4E305700091C53 /* WXImageAddtional */,
				E4B7F86A1B4E305700091C53 /* WXNetWorKit */,
				E48336CD1B746C0100288616 /* WXDefines.h */,
				E48336CE1B746C7800288616 /* WXCode.h */,
			);
			path = WXCore;
			sourceTree = "<group>";
		};
		E4B7F8671B4E305700091C53 /* WXAddtional */ = {
			isa = PBXGroup;
			children = (
				E4D2A2CD1BDB403B00499CCF /* UIViewAdditions.h */,
				E4D2A2CE1BDB403B00499CCF /* UIViewAdditions.m */,
				E4D2A2811BDB3C7000499CCF /* UIWindowAddition.h */,
				E4D2A2831BDB3C8400499CCF /* UIWindowAddition.m */,
				E4D2A27D1BDB3AC100499CCF /* NSString+Extra.h */,
				E4D2A27E1BDB3AC100499CCF /* NSString+Extra.m */,
				E4D2A27A1BDB396500499CCF /* UIDeviceAddtional.h */,
				E4D2A27B1BDB396500499CCF /* UIDeviceAddtional.m */,
				E481ECA91BD7F05400AF8215 /* NSObjectAddition.h */,
				E481ECAA1BD7F05400AF8215 /* NSObjectAddition.m */,
			);
			path = WXAddtional;
			sourceTree = "<group>";
		};
		E4B7F8681B4E305700091C53 /* WXBaseViewController */ = {
			isa = PBXGroup;
			children = (
				E4B7F86C1B4E307500091C53 /* WXBaseViewController.h */,
				E4B7F86D1B4E307500091C53 /* WXBaseViewController.m */,
			);
			path = WXBaseViewController;
			sourceTree = "<group>";
		};
		E4B7F8691B4E305700091C53 /* WXImageAddtional */ = {
			isa = PBXGroup;
			children = (
			);
			path = WXImageAddtional;
			sourceTree = "<group>";
		};
		E4B7F86A1B4E305700091C53 /* WXNetWorKit */ = {
			isa = PBXGroup;
			children = (
			);
			path = WXNetWorKit;
			sourceTree = "<group>";
		};
		E4B7F86F1B4E311400091C53 /* WXTableViewController */ = {
			isa = PBXGroup;
			children = (
				E4B7F8711B4E311400091C53 /* WXTableItem */,
				E4B7F8701B4E311400091C53 /* WXTableDataSource */,
				E4B7F8721B4E311400091C53 /* WXTableView */,
				E4B7F8731B4E311400091C53 /* WXTableViewCell */,
				E4B7F8741B4E311400091C53 /* WXTableViewController */,
				E4B7F8961B4E361100091C53 /* WXTableviewKit.h */,
			);
			path = WXTableViewController;
			sourceTree = "<group>";
		};
		E4B7F8701B4E311400091C53 /* WXTableDataSource */ = {
			isa = PBXGroup;
			children = (
				E4B7F87E1B4E31F300091C53 /* WXTableViewDataSource.h */,
				E4B7F87F1B4E31F300091C53 /* WXTableViewDataSource.m */,
				E4B7F8811B4E320D00091C53 /* WXTableViewSectionedDataSource.h */,
				E4B7F8821B4E320D00091C53 /* WXTableViewSectionedDataSource.m */,
			);
			path = WXTableDataSource;
			sourceTree = "<group>";
		};
		E4B7F8711B4E311400091C53 /* WXTableItem */ = {
			isa = PBXGroup;
			children = (
				E4B7F8841B4E322900091C53 /* WXTableViewItem.h */,
				E4B7F8851B4E322900091C53 /* WXTableViewItem.m */,
				E4B7F8871B4E323E00091C53 /* WXTableViewLoadMoreItem.h */,
				E4B7F8881B4E323E00091C53 /* WXTableViewLoadMoreItem.m */,
				E4B7F88A1B4E325800091C53 /* WXTableViewSectionObject.h */,
				E4B7F88B1B4E325800091C53 /* WXTableViewSectionObject.m */,
			);
			path = WXTableItem;
			sourceTree = "<group>";
		};
		E4B7F8721B4E311400091C53 /* WXTableView */ = {
			isa = PBXGroup;
			children = (
				E4B7F88D1B4E357400091C53 /* WXErrorView.h */,
				E4B7F88E1B4E357400091C53 /* WXErrorView.m */,
				E4B7F8901B4E35BE00091C53 /* WXBaseTableView.h */,
				E4B7F8911B4E35BE00091C53 /* WXBaseTableView.m */,
				E4B7F8931B4E35D900091C53 /* WXGifImage.h */,
				E4B7F8941B4E35D900091C53 /* WXGifImage.m */,
			);
			path = WXTableView;
			sourceTree = "<group>";
		};
		E4B7F8731B4E311400091C53 /* WXTableViewCell */ = {
			isa = PBXGroup;
			children = (
				E4B7F8781B4E317600091C53 /* WXTableViewCell.h */,
				E4B7F8791B4E317600091C53 /* WXTableViewCell.m */,
				E4B7F87B1B4E318F00091C53 /* WXTableViewLoadMoreCell.h */,
				E4B7F87C1B4E318F00091C53 /* WXTableViewLoadMoreCell.m */,
			);
			path = WXTableViewCell;
			sourceTree = "<group>";
		};
		E4B7F8741B4E311400091C53 /* WXTableViewController */ = {
			isa = PBXGroup;
			children = (
				E4B7F8751B4E315C00091C53 /* WXTableViewController.h */,
				E4B7F8761B4E315C00091C53 /* WXTableViewController.m */,
				E4D2A2771BDB38A100499CCF /* WXSearchDisplayController.h */,
				E4D2A2781BDB38A100499CCF /* WXSearchDisplayController.m */,
			);
			path = WXTableViewController;
			sourceTree = "<group>";
		};
		E4D2A2851BDB3E3300499CCF /* WXThirdPartFramework */ = {
			isa = PBXGroup;
			children = (
				E4D2A2AC1BDB3F7400499CCF /* SVPullToRefresh */,
			);
			path = WXThirdPartFramework;
			sourceTree = "<group>";
		};
		E4D2A2AC1BDB3F7400499CCF /* SVPullToRefresh */ = {
			isa = PBXGroup;
			children = (
				E4D2A2AD1BDB3F7400499CCF /* arrow.png */,
				E4D2A2AE1BDB3F7400499CCF /* arrow@2x.png */,
				E4D2A2AF1BDB3F7400499CCF /* blueAngle.png */,
				E4D2A2B01BDB3F7400499CCF /* blueAngle@2x.png */,
				E4D2A2B11BDB3F7400499CCF /* blueCircle.png */,
				E4D2A2B21BDB3F7400499CCF /* blueCircle@2x.png */,
				E4D2A2B31BDB3F7400499CCF /* DACircularProgressView.h */,
				E4D2A2B41BDB3F7400499CCF /* DACircularProgressView.m */,
				E4D2A2B51BDB3F7400499CCF /* grayAngle.png */,
				E4D2A2B61BDB3F7400499CCF /* grayAngle@2x.png */,
				E4D2A2B71BDB3F7400499CCF /* grayCircle.png */,
				E4D2A2B81BDB3F7400499CCF /* grayCircle@2x.png */,
				E4D2A2B91BDB3F7400499CCF /* RSPullToRefreshImageView.h */,
				E4D2A2BA1BDB3F7400499CCF /* RSPullToRefreshImageView.m */,
				E4D2A2BB1BDB3F7400499CCF /* SVPullToRefresh.h */,
				E4D2A2BC1BDB3F7400499CCF /* SVPullToRefresh.m */,
				E4D2A2BD1BDB3F7400499CCF /* XYPullToRefreshImageview.h */,
				E4D2A2BE1BDB3F7400499CCF /* XYPullToRefreshImageview.m */,
			);
			path = SVPullToRefresh;
			sourceTree = "<group>";
		};
		E4DEF92B1BE5C1280025F1A8 /* HomeViewController */ = {
			isa = PBXGroup;
			children = (
				E4DEF92D1BE5C1280025F1A8 /* HomeVC */,
				E4DEF92C1BE5C1280025F1A8 /* ColleagueVC */,
			);
			path = HomeViewController;
			sourceTree = "<group>";
		};
		E4DEF92C1BE5C1280025F1A8 /* ColleagueVC */ = {
			isa = PBXGroup;
			children = (
				E4DEF93D1BE5C15A0025F1A8 /* ColleagueViewController.h */,
				E4DEF93E1BE5C15A0025F1A8 /* ColleagueViewController.m */,
				E4DEF9481BE5C9A10025F1A8 /* ColleagueDataSource.h */,
				E4DEF9491BE5C9A10025F1A8 /* ColleagueDataSource.m */,
				E4DEF9531BE5D9140025F1A8 /* AddressBookModel.h */,
				E4DEF9541BE5D9140025F1A8 /* AddressBookModel.m */,
			);
			path = ColleagueVC;
			sourceTree = "<group>";
		};
		E4DEF92D1BE5C1280025F1A8 /* HomeVC */ = {
			isa = PBXGroup;
			children = (
				E4DEF9341BE5C1280025F1A8 /* WXHomeViewController.h */,
				E4DEF9351BE5C1280025F1A8 /* WXHomeViewController.m */,
				E4DEF9361BE5C1280025F1A8 /* WXHomeViewDataSource.h */,
				E4DEF9371BE5C1280025F1A8 /* WXHomeViewDataSource.m */,
				E4DEF92E1BE5C1280025F1A8 /* WXHomeTableViewCell.h */,
				E4DEF92F1BE5C1280025F1A8 /* WXHomeTableViewCell.m */,
				E4DEF9301BE5C1280025F1A8 /* WXHomeTableViewItem.h */,
				E4DEF9311BE5C1280025F1A8 /* WXHomeTableViewItem.m */,
				E4DEF9321BE5C1280025F1A8 /* WXHomeTableViewObject.h */,
				E4DEF9331BE5C1280025F1A8 /* WXHomeTableViewObject.m */,
			);
			path = HomeVC;
			sourceTree = "<group>";
		};
		E4DEF94E1BE5D5440025F1A8 /* Frameworks */ = {
			isa = PBXGroup;
			children = (
				E4DEF94F1BE5D54F0025F1A8 /* AddressBook.framework */,
				E4DEF9501BE5D54F0025F1A8 /* AddressBookUI.framework */,
				E4D2A2A71BDB3E5300499CCF /* QuartzCore.framework */,
			);
			name = Frameworks;
			sourceTree = "<group>";
		};
/* End PBXGroup section */

/* Begin PBXNativeTarget section */
		E48DAE651B426D430080E009 /* WXCore */ = {
			isa = PBXNativeTarget;
			buildConfigurationList = E48DAE8C1B426D430080E009 /* Build configuration list for PBXNativeTarget "WXCore" */;
			buildPhases = (
				E48DAE621B426D430080E009 /* Sources */,
				E48DAE631B426D430080E009 /* Frameworks */,
				E48DAE641B426D430080E009 /* Resources */,
			);
			buildRules = (
			);
			dependencies = (
			);
			name = WXCore;
			productName = WXCore;
			productReference = E48DAE661B426D430080E009 /* WXCore.app */;
			productType = "com.apple.product-type.application";
		};
		E48DAE811B426D430080E009 /* WXCoreTests */ = {
			isa = PBXNativeTarget;
			buildConfigurationList = E48DAE8F1B426D430080E009 /* Build configuration list for PBXNativeTarget "WXCoreTests" */;
			buildPhases = (
				E48DAE7E1B426D430080E009 /* Sources */,
				E48DAE7F1B426D430080E009 /* Frameworks */,
				E48DAE801B426D430080E009 /* Resources */,
			);
			buildRules = (
			);
			dependencies = (
				E48DAE841B426D430080E009 /* PBXTargetDependency */,
			);
			name = WXCoreTests;
			productName = WXCoreTests;
			productReference = E48DAE821B426D430080E009 /* WXCoreTests.xctest */;
			productType = "com.apple.product-type.bundle.unit-test";
		};
/* End PBXNativeTarget section */

/* Begin PBXProject section */
		E48DAE5E1B426D430080E009 /* Project object */ = {
			isa = PBXProject;
			attributes = {
				CLASSPREFIX = WX;
				LastUpgradeCheck = 0700;
				ORGANIZATIONNAME = "Zhu Hong Wei";
				TargetAttributes = {
					E48DAE651B426D430080E009 = {
						CreatedOnToolsVersion = 6.3.2;
					};
					E48DAE811B426D430080E009 = {
						CreatedOnToolsVersion = 6.3.2;
						TestTargetID = E48DAE651B426D430080E009;
					};
				};
			};
			buildConfigurationList = E48DAE611B426D430080E009 /* Build configuration list for PBXProject "WXCore" */;
			compatibilityVersion = "Xcode 3.2";
			developmentRegion = English;
			hasScannedForEncodings = 0;
			knownRegions = (
				en,
				Base,
				"zh-Hans",
			);
			mainGroup = E48DAE5D1B426D430080E009;
			productRefGroup = E48DAE671B426D430080E009 /* Products */;
			projectDirPath = "";
			projectRoot = "";
			targets = (
				E48DAE651B426D430080E009 /* WXCore */,
				E48DAE811B426D430080E009 /* WXCoreTests */,
			);
		};
/* End PBXProject section */

/* Begin PBXResourcesBuildPhase section */
		E48DAE641B426D430080E009 /* Resources */ = {
			isa = PBXResourcesBuildPhase;
			buildActionMask = 2147483647;
			files = (
				E4D2A2C61BDB3F7400499CCF /* grayAngle.png in Resources */,
				E48DAE781B426D430080E009 /* Main.storyboard in Resources */,
				E4D2A2C01BDB3F7400499CCF /* arrow@2x.png in Resources */,
				E48DAE7D1B426D430080E009 /* LaunchScreen.xib in Resources */,
				E4D2A2C31BDB3F7400499CCF /* blueCircle.png in Resources */,
				E48DAE7A1B426D430080E009 /* Images.xcassets in Resources */,
				E4D2A2C81BDB3F7400499CCF /* grayCircle.png in Resources */,
				E4D2A2BF1BDB3F7400499CCF /* arrow.png in Resources */,
				E4D2A2C41BDB3F7400499CCF /* blueCircle@2x.png in Resources */,
				E4DEF9441BE5C8A80025F1A8 /* Localization.strings in Resources */,
				E4D2A2C71BDB3F7400499CCF /* grayAngle@2x.png in Resources */,
				E4D2A2C91BDB3F7400499CCF /* grayCircle@2x.png in Resources */,
				E4D2A2C21BDB3F7400499CCF /* blueAngle@2x.png in Resources */,
				E4D2A2C11BDB3F7400499CCF /* blueAngle.png in Resources */,
			);
			runOnlyForDeploymentPostprocessing = 0;
		};
		E48DAE801B426D430080E009 /* Resources */ = {
			isa = PBXResourcesBuildPhase;
			buildActionMask = 2147483647;
			files = (
			);
			runOnlyForDeploymentPostprocessing = 0;
		};
/* End PBXResourcesBuildPhase section */

/* Begin PBXSourcesBuildPhase section */
		E48DAE621B426D430080E009 /* Sources */ = {
			isa = PBXSourcesBuildPhase;
			buildActionMask = 2147483647;
			files = (
				E4B7F8831B4E320D00091C53 /* WXTableViewSectionedDataSource.m in Sources */,
				E48336CB1B7469F700288616 /* UIActionSheet+Blocks.m in Sources */,
				E4DEF9391BE5C1280025F1A8 /* WXHomeTableViewItem.m in Sources */,
				E4B7F8921B4E35BE00091C53 /* WXBaseTableView.m in Sources */,
				E4DEF93A1BE5C1280025F1A8 /* WXHomeTableViewObject.m in Sources */,
				E4DEF9381BE5C1280025F1A8 /* WXHomeTableViewCell.m in Sources */,
				E4B7F8771B4E315C00091C53 /* WXTableViewController.m in Sources */,
				E4D2A2791BDB38A100499CCF /* WXSearchDisplayController.m in Sources */,
				E4B7F8861B4E322900091C53 /* WXTableViewItem.m in Sources */,
				E4B7F87D1B4E318F00091C53 /* WXTableViewLoadMoreCell.m in Sources */,
				E4D2A2CC1BDB3F7400499CCF /* XYPullToRefreshImageview.m in Sources */,
				E48DAE6F1B426D430080E009 /* AppDelegate.m in Sources */,
				E48DAE6C1B426D430080E009 /* main.m in Sources */,
				E4D2A2CF1BDB403B00499CCF /* UIViewAdditions.m in Sources */,
				E481ECAB1BD7F05400AF8215 /* NSObjectAddition.m in Sources */,
				E4DEF94A1BE5C9A10025F1A8 /* ColleagueDataSource.m in Sources */,
				E4B7F8951B4E35D900091C53 /* WXGifImage.m in Sources */,
				E4B7F8891B4E323E00091C53 /* WXTableViewLoadMoreItem.m in Sources */,
				E4B7F86E1B4E307500091C53 /* WXBaseViewController.m in Sources */,
				E4D2A2F21BDB525100499CCF /* ViewCreatorHelper.m in Sources */,
				E4D2A2841BDB3C8400499CCF /* UIWindowAddition.m in Sources */,
				E48DAE951B426E200080E009 /* WXCoreDataManager.m in Sources */,
				E48336CA1B7469F700288616 /* RIButtonItem.m in Sources */,
				E4B7F88C1B4E325800091C53 /* WXTableViewSectionObject.m in Sources */,
				E4DEF93C1BE5C1280025F1A8 /* WXHomeViewDataSource.m in Sources */,
				E4B7F87A1B4E317600091C53 /* WXTableViewCell.m in Sources */,
				E4D2A27F1BDB3AC100499CCF /* NSString+Extra.m in Sources */,
				E4DEF93F1BE5C15A0025F1A8 /* ColleagueViewController.m in Sources */,
				E48DAE981B426F880080E009 /* WXUtility.m in Sources */,
				E4B7F88F1B4E357400091C53 /* WXErrorView.m in Sources */,
				E48336CC1B7469F700288616 /* UIAlertView+Blocks.m in Sources */,
				E48DAE751B426D430080E009 /* ViewController.m in Sources */,
				E4D2A27C1BDB396500499CCF /* UIDeviceAddtional.m in Sources */,
				E4D2A2CA1BDB3F7400499CCF /* RSPullToRefreshImageView.m in Sources */,
				E4F11DAF1BC544CB00840BE1 /* ClickedBlockViewController.m in Sources */,
				E4D2A2C51BDB3F7400499CCF /* DACircularProgressView.m in Sources */,
				E48336BC1B7469B800288616 /* UIButton+Blcok.m in Sources */,
				E4DEF9551BE5D9140025F1A8 /* AddressBookModel.m in Sources */,
				E481EC9D1BD7E6C800AF8215 /* WXUserInfoViewcontroller.m in Sources */,
				E4DEF93B1BE5C1280025F1A8 /* WXHomeViewController.m in Sources */,
				E48DAE721B426D430080E009 /* WXCore.xcdatamodeld in Sources */,
				E4B7F8801B4E31F300091C53 /* WXTableViewDataSource.m in Sources */,
				E4D2A2CB1BDB3F7400499CCF /* SVPullToRefresh.m in Sources */,
			);
			runOnlyForDeploymentPostprocessing = 0;
		};
		E48DAE7E1B426D430080E009 /* Sources */ = {
			isa = PBXSourcesBuildPhase;
			buildActionMask = 2147483647;
			files = (
				E48DAE891B426D430080E009 /* WXCoreTests.m in Sources */,
			);
			runOnlyForDeploymentPostprocessing = 0;
		};
/* End PBXSourcesBuildPhase section */

/* Begin PBXTargetDependency section */
		E48DAE841B426D430080E009 /* PBXTargetDependency */ = {
			isa = PBXTargetDependency;
			target = E48DAE651B426D430080E009 /* WXCore */;
			targetProxy = E48DAE831B426D430080E009 /* PBXContainerItemProxy */;
		};
/* End PBXTargetDependency section */

/* Begin PBXVariantGroup section */
		E48DAE761B426D430080E009 /* Main.storyboard */ = {
			isa = PBXVariantGroup;
			children = (
				E48DAE771B426D430080E009 /* Base */,
				E4DEF9421BE5C89D0025F1A8 /* zh-Hans */,
			);
			name = Main.storyboard;
			sourceTree = "<group>";
		};
		E48DAE7B1B426D430080E009 /* LaunchScreen.xib */ = {
			isa = PBXVariantGroup;
			children = (
				E48DAE7C1B426D430080E009 /* Base */,
				E4DEF9431BE5C89D0025F1A8 /* zh-Hans */,
			);
			name = LaunchScreen.xib;
			sourceTree = "<group>";
		};
		E4DEF9461BE5C8A80025F1A8 /* Localization.strings */ = {
			isa = PBXVariantGroup;
			children = (
				E4DEF9451BE5C8A80025F1A8 /* en */,
				E4DEF9471BE5C8AB0025F1A8 /* zh-Hans */,
			);
			name = Localization.strings;
			sourceTree = "<group>";
		};
/* End PBXVariantGroup section */

/* Begin XCBuildConfiguration section */
		E48DAE8A1B426D430080E009 /* Debug */ = {
			isa = XCBuildConfiguration;
			buildSettings = {
				ALWAYS_SEARCH_USER_PATHS = NO;
				CLANG_CXX_LANGUAGE_STANDARD = "gnu++0x";
				CLANG_CXX_LIBRARY = "libc++";
				CLANG_ENABLE_MODULES = YES;
				CLANG_ENABLE_OBJC_ARC = YES;
				CLANG_WARN_BOOL_CONVERSION = YES;
				CLANG_WARN_CONSTANT_CONVERSION = YES;
				CLANG_WARN_DIRECT_OBJC_ISA_USAGE = YES_ERROR;
				CLANG_WARN_EMPTY_BODY = YES;
				CLANG_WARN_ENUM_CONVERSION = YES;
				CLANG_WARN_INT_CONVERSION = YES;
				CLANG_WARN_OBJC_ROOT_CLASS = YES_ERROR;
				CLANG_WARN_UNREACHABLE_CODE = YES;
				CLANG_WARN__DUPLICATE_METHOD_MATCH = YES;
				"CODE_SIGN_IDENTITY[sdk=iphoneos*]" = "iPhone Developer";
				COPY_PHASE_STRIP = NO;
				DEBUG_INFORMATION_FORMAT = "dwarf-with-dsym";
				ENABLE_STRICT_OBJC_MSGSEND = YES;
				ENABLE_TESTABILITY = YES;
				GCC_C_LANGUAGE_STANDARD = gnu99;
				GCC_DYNAMIC_NO_PIC = NO;
				GCC_NO_COMMON_BLOCKS = YES;
				GCC_OPTIMIZATION_LEVEL = 0;
				GCC_PRECOMPILE_PREFIX_HEADER = NO;
				GCC_PREFIX_HEADER = "WXCore/WXCore-Prefix.pch";
				GCC_PREPROCESSOR_DEFINITIONS = (
					"DEBUG=1",
					"$(inherited)",
				);
				GCC_SYMBOLS_PRIVATE_EXTERN = NO;
				GCC_WARN_64_TO_32_BIT_CONVERSION = YES;
				GCC_WARN_ABOUT_RETURN_TYPE = YES_ERROR;
				GCC_WARN_UNDECLARED_SELECTOR = YES;
				GCC_WARN_UNINITIALIZED_AUTOS = YES_AGGRESSIVE;
				GCC_WARN_UNUSED_FUNCTION = YES;
				GCC_WARN_UNUSED_VARIABLE = YES;
				IPHONEOS_DEPLOYMENT_TARGET = 8.3;
				MTL_ENABLE_DEBUG_INFO = YES;
				ONLY_ACTIVE_ARCH = YES;
				SDKROOT = iphoneos;
			};
			name = Debug;
		};
		E48DAE8B1B426D430080E009 /* Release */ = {
			isa = XCBuildConfiguration;
			buildSettings = {
				ALWAYS_SEARCH_USER_PATHS = NO;
				CLANG_CXX_LANGUAGE_STANDARD = "gnu++0x";
				CLANG_CXX_LIBRARY = "libc++";
				CLANG_ENABLE_MODULES = YES;
				CLANG_ENABLE_OBJC_ARC = YES;
				CLANG_WARN_BOOL_CONVERSION = YES;
				CLANG_WARN_CONSTANT_CONVERSION = YES;
				CLANG_WARN_DIRECT_OBJC_ISA_USAGE = YES_ERROR;
				CLANG_WARN_EMPTY_BODY = YES;
				CLANG_WARN_ENUM_CONVERSION = YES;
				CLANG_WARN_INT_CONVERSION = YES;
				CLANG_WARN_OBJC_ROOT_CLASS = YES_ERROR;
				CLANG_WARN_UNREACHABLE_CODE = YES;
				CLANG_WARN__DUPLICATE_METHOD_MATCH = YES;
				"CODE_SIGN_IDENTITY[sdk=iphoneos*]" = "iPhone Developer";
				COPY_PHASE_STRIP = NO;
				DEBUG_INFORMATION_FORMAT = "dwarf-with-dsym";
				ENABLE_NS_ASSERTIONS = NO;
				ENABLE_STRICT_OBJC_MSGSEND = YES;
				GCC_C_LANGUAGE_STANDARD = gnu99;
				GCC_NO_COMMON_BLOCKS = YES;
				GCC_PRECOMPILE_PREFIX_HEADER = NO;
				GCC_PREFIX_HEADER = "WXCore/WXCore-Prefix.pch";
				GCC_WARN_64_TO_32_BIT_CONVERSION = YES;
				GCC_WARN_ABOUT_RETURN_TYPE = YES_ERROR;
				GCC_WARN_UNDECLARED_SELECTOR = YES;
				GCC_WARN_UNINITIALIZED_AUTOS = YES_AGGRESSIVE;
				GCC_WARN_UNUSED_FUNCTION = YES;
				GCC_WARN_UNUSED_VARIABLE = YES;
				IPHONEOS_DEPLOYMENT_TARGET = 8.3;
				MTL_ENABLE_DEBUG_INFO = NO;
				SDKROOT = iphoneos;
				VALIDATE_PRODUCT = YES;
			};
			name = Release;
		};
		E48DAE8D1B426D430080E009 /* Debug */ = {
			isa = XCBuildConfiguration;
			buildSettings = {
				ASSETCATALOG_COMPILER_APPICON_NAME = AppIcon;
				INFOPLIST_FILE = WXCore/Info.plist;
				LD_RUNPATH_SEARCH_PATHS = "$(inherited) @executable_path/Frameworks";
				PRODUCT_BUNDLE_IDENTIFIER = "com.maodou.$(PRODUCT_NAME:rfc1034identifier)";
				PRODUCT_NAME = "$(TARGET_NAME)";
			};
			name = Debug;
		};
		E48DAE8E1B426D430080E009 /* Release */ = {
			isa = XCBuildConfiguration;
			buildSettings = {
				ASSETCATALOG_COMPILER_APPICON_NAME = AppIcon;
				INFOPLIST_FILE = WXCore/Info.plist;
				LD_RUNPATH_SEARCH_PATHS = "$(inherited) @executable_path/Frameworks";
				PRODUCT_BUNDLE_IDENTIFIER = "com.maodou.$(PRODUCT_NAME:rfc1034identifier)";
				PRODUCT_NAME = "$(TARGET_NAME)";
			};
			name = Release;
		};
		E48DAE901B426D430080E009 /* Debug */ = {
			isa = XCBuildConfiguration;
			buildSettings = {
				BUNDLE_LOADER = "$(TEST_HOST)";
				FRAMEWORK_SEARCH_PATHS = (
					"$(SDKROOT)/Developer/Library/Frameworks",
					"$(inherited)",
				);
				GCC_PREPROCESSOR_DEFINITIONS = (
					"DEBUG=1",
					"$(inherited)",
				);
				INFOPLIST_FILE = WXCoreTests/Info.plist;
				LD_RUNPATH_SEARCH_PATHS = "$(inherited) @executable_path/Frameworks @loader_path/Frameworks";
				PRODUCT_BUNDLE_IDENTIFIER = "com.maodou.$(PRODUCT_NAME:rfc1034identifier)";
				PRODUCT_NAME = "$(TARGET_NAME)";
				TEST_HOST = "$(BUILT_PRODUCTS_DIR)/WXCore.app/WXCore";
			};
			name = Debug;
		};
		E48DAE911B426D430080E009 /* Release */ = {
			isa = XCBuildConfiguration;
			buildSettings = {
				BUNDLE_LOADER = "$(TEST_HOST)";
				FRAMEWORK_SEARCH_PATHS = (
					"$(SDKROOT)/Developer/Library/Frameworks",
					"$(inherited)",
				);
				INFOPLIST_FILE = WXCoreTests/Info.plist;
				LD_RUNPATH_SEARCH_PATHS = "$(inherited) @executable_path/Frameworks @loader_path/Frameworks";
				PRODUCT_BUNDLE_IDENTIFIER = "com.maodou.$(PRODUCT_NAME:rfc1034identifier)";
				PRODUCT_NAME = "$(TARGET_NAME)";
				TEST_HOST = "$(BUILT_PRODUCTS_DIR)/WXCore.app/WXCore";
			};
			name = Release;
		};
/* End XCBuildConfiguration section */

/* Begin XCConfigurationList section */
		E48DAE611B426D430080E009 /* Build configuration list for PBXProject "WXCore" */ = {
			isa = XCConfigurationList;
			buildConfigurations = (
				E48DAE8A1B426D430080E009 /* Debug */,
				E48DAE8B1B426D430080E009 /* Release */,
			);
			defaultConfigurationIsVisible = 0;
			defaultConfigurationName = Release;
		};
		E48DAE8C1B426D430080E009 /* Build configuration list for PBXNativeTarget "WXCore" */ = {
			isa = XCConfigurationList;
			buildConfigurations = (
				E48DAE8D1B426D430080E009 /* Debug */,
				E48DAE8E1B426D430080E009 /* Release */,
			);
			defaultConfigurationIsVisible = 0;
			defaultConfigurationName = Release;
		};
		E48DAE8F1B426D430080E009 /* Build configuration list for PBXNativeTarget "WXCoreTests" */ = {
			isa = XCConfigurationList;
			buildConfigurations = (
				E48DAE901B426D430080E009 /* Debug */,
				E48DAE911B426D430080E009 /* Release */,
			);
			defaultConfigurationIsVisible = 0;
			defaultConfigurationName = Release;
		};
/* End XCConfigurationList section */

/* Begin XCVersionGroup section */
		E48DAE701B426D430080E009 /* WXCore.xcdatamodeld */ = {
			isa = XCVersionGroup;
			children = (
				E48DAE711B426D430080E009 /* WXCore.xcdatamodel */,
			);
			currentVersion = E48DAE711B426D430080E009 /* WXCore.xcdatamodel */;
			path = WXCore.xcdatamodeld;
			sourceTree = "<group>";
			versionGroupType = wrapper.xcdatamodel;
		};
/* End XCVersionGroup section */
	};
	rootObject = E48DAE5E1B426D430080E009 /* Project object */;
}
