// !$*UTF8*$!
{
	archiveVersion = 1;
	classes = {
	};
	objectVersion = 46;
	objects = {

/* Begin PBXBuildFile section */
		A19BEB621C26A67C001A4C4D /* FMDatabase.m in Sources */ = {isa = PBXBuildFile; fileRef = A19BEB431C26A67C001A4C4D /* FMDatabase.m */; };
		A19BEB631C26A67C001A4C4D /* FMDatabaseAdditions.m in Sources */ = {isa = PBXBuildFile; fileRef = A19BEB451C26A67C001A4C4D /* FMDatabaseAdditions.m */; };
		A19BEB641C26A67C001A4C4D /* FMDatabasePool.m in Sources */ = {isa = PBXBuildFile; fileRef = A19BEB471C26A67C001A4C4D /* FMDatabasePool.m */; };
		A19BEB651C26A67C001A4C4D /* FMDatabaseQueue.m in Sources */ = {isa = PBXBuildFile; fileRef = A19BEB491C26A67C001A4C4D /* FMDatabaseQueue.m */; };
		A19BEB661C26A67C001A4C4D /* FMResultSet.m in Sources */ = {isa = PBXBuildFile; fileRef = A19BEB4C1C26A67C001A4C4D /* FMResultSet.m */; };
		A19BEB671C26A67C001A4C4D /* NSObjectAddition.m in Sources */ = {isa = PBXBuildFile; fileRef = A19BEB4E1C26A67C001A4C4D /* NSObjectAddition.m */; };
		A19BEB681C26A67C001A4C4D /* WSPersistenceContext.m in Sources */ = {isa = PBXBuildFile; fileRef = A19BEB511C26A67C001A4C4D /* WSPersistenceContext.m */; };
		A19BEB691C26A67C001A4C4D /* WSPersistenceObject.m in Sources */ = {isa = PBXBuildFile; fileRef = A19BEB531C26A67C001A4C4D /* WSPersistenceObject.m */; };
		A19BEB6A1C26A67C001A4C4D /* WSPersistenceObjectMateInfo.m in Sources */ = {isa = PBXBuildFile; fileRef = A19BEB551C26A67C001A4C4D /* WSPersistenceObjectMateInfo.m */; };
		A19BEB6B1C26A67C001A4C4D /* WSPersistenceObjectProperty.m in Sources */ = {isa = PBXBuildFile; fileRef = A19BEB571C26A67C001A4C4D /* WSPersistenceObjectProperty.m */; };
		A19BEB6C1C26A67C001A4C4D /* WSPersistenceObjectVersion.m in Sources */ = {isa = PBXBuildFile; fileRef = A19BEB591C26A67C001A4C4D /* WSPersistenceObjectVersion.m */; };
		A19BEB6D1C26A67C001A4C4D /* WSPersistenceSequence.m in Sources */ = {isa = PBXBuildFile; fileRef = A19BEB5B1C26A67C001A4C4D /* WSPersistenceSequence.m */; };
		A19BEB6E1C26A67C001A4C4D /* WSPersistenceService.m in Sources */ = {isa = PBXBuildFile; fileRef = A19BEB5D1C26A67C001A4C4D /* WSPersistenceService.m */; };
		A19BEB6F1C26A67C001A4C4D /* WSPersistenceTableUpgrader.m in Sources */ = {isa = PBXBuildFile; fileRef = A19BEB5F1C26A67C001A4C4D /* WSPersistenceTableUpgrader.m */; };
		A19BEB701C26A67C001A4C4D /* WSPersistenceUtil.m in Sources */ = {isa = PBXBuildFile; fileRef = A19BEB611C26A67C001A4C4D /* WSPersistenceUtil.m */; };
		A1EA643B1BF4D48E0050C839 /* Foundation.framework in Frameworks */ = {isa = PBXBuildFile; fileRef = A1EA643A1BF4D48E0050C839 /* Foundation.framework */; };
/* End PBXBuildFile section */

/* Begin PBXCopyFilesBuildPhase section */
		A1EA64281BF4D3EE0050C839 /* CopyFiles */ = {
			isa = PBXCopyFilesBuildPhase;
			buildActionMask = 12;
			dstPath = "include/$(PRODUCT_NAME)";
			dstSubfolderSpec = 16;
			files = (
			);
			runOnlyForDeploymentPostprocessing = 0;
		};
/* End PBXCopyFilesBuildPhase section */

/* Begin PBXFileReference section */
		A18054F81C1BC76B00D752DC /* libsqlite3.0.tbd */ = {isa = PBXFileReference; lastKnownFileType = "sourcecode.text-based-dylib-definition"; name = libsqlite3.0.tbd; path = usr/lib/libsqlite3.0.tbd; sourceTree = SDKROOT; };
		A18054F91C1BC76B00D752DC /* libsqlite3.tbd */ = {isa = PBXFileReference; lastKnownFileType = "sourcecode.text-based-dylib-definition"; name = libsqlite3.tbd; path = usr/lib/libsqlite3.tbd; sourceTree = SDKROOT; };
		A18055541C1BCC2E00D752DC /* 添加说明.strings */ = {isa = PBXFileReference; fileEncoding = 4; lastKnownFileType = text.plist.strings; path = "添加说明.strings"; sourceTree = "<group>"; };
		A19BEB421C26A67C001A4C4D /* FMDatabase.h */ = {isa = PBXFileReference; fileEncoding = 4; lastKnownFileType = sourcecode.c.h; path = FMDatabase.h; sourceTree = "<group>"; };
		A19BEB431C26A67C001A4C4D /* FMDatabase.m */ = {isa = PBXFileReference; fileEncoding = 4; lastKnownFileType = sourcecode.c.objc; path = FMDatabase.m; sourceTree = "<group>"; };
		A19BEB441C26A67C001A4C4D /* FMDatabaseAdditions.h */ = {isa = PBXFileReference; fileEncoding = 4; lastKnownFileType = sourcecode.c.h; path = FMDatabaseAdditions.h; sourceTree = "<group>"; };
		A19BEB451C26A67C001A4C4D /* FMDatabaseAdditions.m */ = {isa = PBXFileReference; fileEncoding = 4; lastKnownFileType = sourcecode.c.objc; path = FMDatabaseAdditions.m; sourceTree = "<group>"; };
		A19BEB461C26A67C001A4C4D /* FMDatabasePool.h */ = {isa = PBXFileReference; fileEncoding = 4; lastKnownFileType = sourcecode.c.h; path = FMDatabasePool.h; sourceTree = "<group>"; };
		A19BEB471C26A67C001A4C4D /* FMDatabasePool.m */ = {isa = PBXFileReference; fileEncoding = 4; lastKnownFileType = sourcecode.c.objc; path = FMDatabasePool.m; sourceTree = "<group>"; };
		A19BEB481C26A67C001A4C4D /* FMDatabaseQueue.h */ = {isa = PBXFileReference; fileEncoding = 4; lastKnownFileType = sourcecode.c.h; path = FMDatabaseQueue.h; sourceTree = "<group>"; };
		A19BEB491C26A67C001A4C4D /* FMDatabaseQueue.m */ = {isa = PBXFileReference; fileEncoding = 4; lastKnownFileType = sourcecode.c.objc; path = FMDatabaseQueue.m; sourceTree = "<group>"; };
		A19BEB4A1C26A67C001A4C4D /* FMDB.h */ = {isa = PBXFileReference; fileEncoding = 4; lastKnownFileType = sourcecode.c.h; path = FMDB.h; sourceTree = "<group>"; };
		A19BEB4B1C26A67C001A4C4D /* FMResultSet.h */ = {isa = PBXFileReference; fileEncoding = 4; lastKnownFileType = sourcecode.c.h; path = FMResultSet.h; sourceTree = "<group>"; };
		A19BEB4C1C26A67C001A4C4D /* FMResultSet.m */ = {isa = PBXFileReference; fileEncoding = 4; lastKnownFileType = sourcecode.c.objc; path = FMResultSet.m; sourceTree = "<group>"; };
		A19BEB4D1C26A67C001A4C4D /* NSObjectAddition.h */ = {isa = PBXFileReference; fileEncoding = 4; lastKnownFileType = sourcecode.c.h; path = NSObjectAddition.h; sourceTree = "<group>"; };
		A19BEB4E1C26A67C001A4C4D /* NSObjectAddition.m */ = {isa = PBXFileReference; fileEncoding = 4; lastKnownFileType = sourcecode.c.objc; path = NSObjectAddition.m; sourceTree = "<group>"; };
		A19BEB4F1C26A67C001A4C4D /* WSPersistence.h */ = {isa = PBXFileReference; fileEncoding = 4; lastKnownFileType = sourcecode.c.h; path = WSPersistence.h; sourceTree = "<group>"; };
		A19BEB501C26A67C001A4C4D /* WSPersistenceContext.h */ = {isa = PBXFileReference; fileEncoding = 4; lastKnownFileType = sourcecode.c.h; path = WSPersistenceContext.h; sourceTree = "<group>"; };
		A19BEB511C26A67C001A4C4D /* WSPersistenceContext.m */ = {isa = PBXFileReference; fileEncoding = 4; lastKnownFileType = sourcecode.c.objc; path = WSPersistenceContext.m; sourceTree = "<group>"; };
		A19BEB521C26A67C001A4C4D /* WSPersistenceObject.h */ = {isa = PBXFileReference; fileEncoding = 4; lastKnownFileType = sourcecode.c.h; path = WSPersistenceObject.h; sourceTree = "<group>"; };
		A19BEB531C26A67C001A4C4D /* WSPersistenceObject.m */ = {isa = PBXFileReference; fileEncoding = 4; lastKnownFileType = sourcecode.c.objc; path = WSPersistenceObject.m; sourceTree = "<group>"; };
		A19BEB541C26A67C001A4C4D /* WSPersistenceObjectMateInfo.h */ = {isa = PBXFileReference; fileEncoding = 4; lastKnownFileType = sourcecode.c.h; path = WSPersistenceObjectMateInfo.h; sourceTree = "<group>"; };
		A19BEB551C26A67C001A4C4D /* WSPersistenceObjectMateInfo.m */ = {isa = PBXFileReference; fileEncoding = 4; lastKnownFileType = sourcecode.c.objc; path = WSPersistenceObjectMateInfo.m; sourceTree = "<group>"; };
		A19BEB561C26A67C001A4C4D /* WSPersistenceObjectProperty.h */ = {isa = PBXFileReference; fileEncoding = 4; lastKnownFileType = sourcecode.c.h; path = WSPersistenceObjectProperty.h; sourceTree = "<group>"; };
		A19BEB571C26A67C001A4C4D /* WSPersistenceObjectProperty.m */ = {isa = PBXFileReference; fileEncoding = 4; lastKnownFileType = sourcecode.c.objc; path = WSPersistenceObjectProperty.m; sourceTree = "<group>"; };
		A19BEB581C26A67C001A4C4D /* WSPersistenceObjectVersion.h */ = {isa = PBXFileReference; fileEncoding = 4; lastKnownFileType = sourcecode.c.h; path = WSPersistenceObjectVersion.h; sourceTree = "<group>"; };
		A19BEB591C26A67C001A4C4D /* WSPersistenceObjectVersion.m */ = {isa = PBXFileReference; fileEncoding = 4; lastKnownFileType = sourcecode.c.objc; path = WSPersistenceObjectVersion.m; sourceTree = "<group>"; };
		A19BEB5A1C26A67C001A4C4D /* WSPersistenceSequence.h */ = {isa = PBXFileReference; fileEncoding = 4; lastKnownFileType = sourcecode.c.h; path = WSPersistenceSequence.h; sourceTree = "<group>"; };
		A19BEB5B1C26A67C001A4C4D /* WSPersistenceSequence.m */ = {isa = PBXFileReference; fileEncoding = 4; lastKnownFileType = sourcecode.c.objc; path = WSPersistenceSequence.m; sourceTree = "<group>"; };
		A19BEB5C1C26A67C001A4C4D /* WSPersistenceService.h */ = {isa = PBXFileReference; fileEncoding = 4; lastKnownFileType = sourcecode.c.h; path = WSPersistenceService.h; sourceTree = "<group>"; };
		A19BEB5D1C26A67C001A4C4D /* WSPersistenceService.m */ = {isa = PBXFileReference; fileEncoding = 4; lastKnownFileType = sourcecode.c.objc; path = WSPersistenceService.m; sourceTree = "<group>"; };
		A19BEB5E1C26A67C001A4C4D /* WSPersistenceTableUpgrader.h */ = {isa = PBXFileReference; fileEncoding = 4; lastKnownFileType = sourcecode.c.h; path = WSPersistenceTableUpgrader.h; sourceTree = "<group>"; };
		A19BEB5F1C26A67C001A4C4D /* WSPersistenceTableUpgrader.m */ = {isa = PBXFileReference; fileEncoding = 4; lastKnownFileType = sourcecode.c.objc; path = WSPersistenceTableUpgrader.m; sourceTree = "<group>"; };
		A19BEB601C26A67C001A4C4D /* WSPersistenceUtil.h */ = {isa = PBXFileReference; fileEncoding = 4; lastKnownFileType = sourcecode.c.h; path = WSPersistenceUtil.h; sourceTree = "<group>"; };
		A19BEB611C26A67C001A4C4D /* WSPersistenceUtil.m */ = {isa = PBXFileReference; fileEncoding = 4; lastKnownFileType = sourcecode.c.objc; path = WSPersistenceUtil.m; sourceTree = "<group>"; };
		A1EA642A1BF4D3EE0050C839 /* libWSPersistence.a */ = {isa = PBXFileReference; explicitFileType = archive.ar; includeInIndex = 0; path = libWSPersistence.a; sourceTree = BUILT_PRODUCTS_DIR; };
		A1EA643A1BF4D48E0050C839 /* Foundation.framework */ = {isa = PBXFileReference; lastKnownFileType = wrapper.framework; name = Foundation.framework; path = System/Library/Frameworks/Foundation.framework; sourceTree = SDKROOT; };
/* End PBXFileReference section */

/* Begin PBXFrameworksBuildPhase section */
		A1EA64271BF4D3EE0050C839 /* Frameworks */ = {
			isa = PBXFrameworksBuildPhase;
			buildActionMask = 2147483647;
			files = (
				A1EA643B1BF4D48E0050C839 /* Foundation.framework in Frameworks */,
			);
			runOnlyForDeploymentPostprocessing = 0;
		};
/* End PBXFrameworksBuildPhase section */

/* Begin PBXGroup section */
		A19BEB401C26A67C001A4C4D /* WSPersistence */ = {
			isa = PBXGroup;
			children = (
				A19BEB411C26A67C001A4C4D /* FMDB */,
				A19BEB4D1C26A67C001A4C4D /* NSObjectAddition.h */,
				A19BEB4E1C26A67C001A4C4D /* NSObjectAddition.m */,
				A19BEB4F1C26A67C001A4C4D /* WSPersistence.h */,
				A19BEB501C26A67C001A4C4D /* WSPersistenceContext.h */,
				A19BEB511C26A67C001A4C4D /* WSPersistenceContext.m */,
				A19BEB521C26A67C001A4C4D /* WSPersistenceObject.h */,
				A19BEB531C26A67C001A4C4D /* WSPersistenceObject.m */,
				A19BEB541C26A67C001A4C4D /* WSPersistenceObjectMateInfo.h */,
				A19BEB551C26A67C001A4C4D /* WSPersistenceObjectMateInfo.m */,
				A19BEB561C26A67C001A4C4D /* WSPersistenceObjectProperty.h */,
				A19BEB571C26A67C001A4C4D /* WSPersistenceObjectProperty.m */,
				A19BEB581C26A67C001A4C4D /* WSPersistenceObjectVersion.h */,
				A19BEB591C26A67C001A4C4D /* WSPersistenceObjectVersion.m */,
				A19BEB5A1C26A67C001A4C4D /* WSPersistenceSequence.h */,
				A19BEB5B1C26A67C001A4C4D /* WSPersistenceSequence.m */,
				A19BEB5C1C26A67C001A4C4D /* WSPersistenceService.h */,
				A19BEB5D1C26A67C001A4C4D /* WSPersistenceService.m */,
				A19BEB5E1C26A67C001A4C4D /* WSPersistenceTableUpgrader.h */,
				A19BEB5F1C26A67C001A4C4D /* WSPersistenceTableUpgrader.m */,
				A19BEB601C26A67C001A4C4D /* WSPersistenceUtil.h */,
				A19BEB611C26A67C001A4C4D /* WSPersistenceUtil.m */,
			);
			path = WSPersistence;
			sourceTree = "<group>";
		};
		A19BEB411C26A67C001A4C4D /* FMDB */ = {
			isa = PBXGroup;
			children = (
				A19BEB421C26A67C001A4C4D /* FMDatabase.h */,
				A19BEB431C26A67C001A4C4D /* FMDatabase.m */,
				A19BEB441C26A67C001A4C4D /* FMDatabaseAdditions.h */,
				A19BEB451C26A67C001A4C4D /* FMDatabaseAdditions.m */,
				A19BEB461C26A67C001A4C4D /* FMDatabasePool.h */,
				A19BEB471C26A67C001A4C4D /* FMDatabasePool.m */,
				A19BEB481C26A67C001A4C4D /* FMDatabaseQueue.h */,
				A19BEB491C26A67C001A4C4D /* FMDatabaseQueue.m */,
				A19BEB4A1C26A67C001A4C4D /* FMDB.h */,
				A19BEB4B1C26A67C001A4C4D /* FMResultSet.h */,
				A19BEB4C1C26A67C001A4C4D /* FMResultSet.m */,
			);
			path = FMDB;
			sourceTree = "<group>";
		};
		A1EA64211BF4D3EE0050C839 = {
			isa = PBXGroup;
			children = (
				A18055541C1BCC2E00D752DC /* 添加说明.strings */,
				A19BEB401C26A67C001A4C4D /* WSPersistence */,
				A1EA64361BF4D40E0050C839 /* Frameworks */,
				A1EA642B1BF4D3EE0050C839 /* Products */,
			);
			sourceTree = "<group>";
		};
		A1EA642B1BF4D3EE0050C839 /* Products */ = {
			isa = PBXGroup;
			children = (
				A1EA642A1BF4D3EE0050C839 /* libWSPersistence.a */,
			);
			name = Products;
			sourceTree = "<group>";
		};
		A1EA64361BF4D40E0050C839 /* Frameworks */ = {
			isa = PBXGroup;
			children = (
				A18054F81C1BC76B00D752DC /* libsqlite3.0.tbd */,
				A18054F91C1BC76B00D752DC /* libsqlite3.tbd */,
				A1EA643A1BF4D48E0050C839 /* Foundation.framework */,
			);
			name = Frameworks;
			sourceTree = "<group>";
		};
/* End PBXGroup section */

/* Begin PBXNativeTarget section */
		A1EA64291BF4D3EE0050C839 /* WSPersistence */ = {
			isa = PBXNativeTarget;
			buildConfigurationList = A1EA64331BF4D3EE0050C839 /* Build configuration list for PBXNativeTarget "WSPersistence" */;
			buildPhases = (
				A1EA64261BF4D3EE0050C839 /* Sources */,
				A1EA64271BF4D3EE0050C839 /* Frameworks */,
				A1EA64281BF4D3EE0050C839 /* CopyFiles */,
			);
			buildRules = (
			);
			dependencies = (
			);
			name = WSPersistence;
			productName = WXPersistence;
			productReference = A1EA642A1BF4D3EE0050C839 /* libWSPersistence.a */;
			productType = "com.apple.product-type.library.static";
		};
/* End PBXNativeTarget section */

/* Begin PBXProject section */
		A1EA64221BF4D3EE0050C839 /* Project object */ = {
			isa = PBXProject;
			attributes = {
				LastUpgradeCheck = 0710;
				ORGANIZATIONNAME = "朱洪伟";
				TargetAttributes = {
					A1EA64291BF4D3EE0050C839 = {
						CreatedOnToolsVersion = 7.1;
					};
				};
			};
			buildConfigurationList = A1EA64251BF4D3EE0050C839 /* Build configuration list for PBXProject "WSPersistence" */;
			compatibilityVersion = "Xcode 3.2";
			developmentRegion = English;
			hasScannedForEncodings = 0;
			knownRegions = (
				en,
			);
			mainGroup = A1EA64211BF4D3EE0050C839;
			productRefGroup = A1EA642B1BF4D3EE0050C839 /* Products */;
			projectDirPath = "";
			projectRoot = "";
			targets = (
				A1EA64291BF4D3EE0050C839 /* WSPersistence */,
			);
		};
/* End PBXProject section */

/* Begin PBXSourcesBuildPhase section */
		A1EA64261BF4D3EE0050C839 /* Sources */ = {
			isa = PBXSourcesBuildPhase;
			buildActionMask = 2147483647;
			files = (
				A19BEB621C26A67C001A4C4D /* FMDatabase.m in Sources */,
				A19BEB6A1C26A67C001A4C4D /* WSPersistenceObjectMateInfo.m in Sources */,
				A19BEB651C26A67C001A4C4D /* FMDatabaseQueue.m in Sources */,
				A19BEB6B1C26A67C001A4C4D /* WSPersistenceObjectProperty.m in Sources */,
				A19BEB701C26A67C001A4C4D /* WSPersistenceUtil.m in Sources */,
				A19BEB641C26A67C001A4C4D /* FMDatabasePool.m in Sources */,
				A19BEB6C1C26A67C001A4C4D /* WSPersistenceObjectVersion.m in Sources */,
				A19BEB6D1C26A67C001A4C4D /* WSPersistenceSequence.m in Sources */,
				A19BEB681C26A67C001A4C4D /* WSPersistenceContext.m in Sources */,
				A19BEB671C26A67C001A4C4D /* NSObjectAddition.m in Sources */,
				A19BEB631C26A67C001A4C4D /* FMDatabaseAdditions.m in Sources */,
				A19BEB691C26A67C001A4C4D /* WSPersistenceObject.m in Sources */,
				A19BEB6E1C26A67C001A4C4D /* WSPersistenceService.m in Sources */,
				A19BEB6F1C26A67C001A4C4D /* WSPersistenceTableUpgrader.m in Sources */,
				A19BEB661C26A67C001A4C4D /* FMResultSet.m in Sources */,
			);
			runOnlyForDeploymentPostprocessing = 0;
		};
/* End PBXSourcesBuildPhase section */

/* Begin XCBuildConfiguration section */
		A1EA64311BF4D3EE0050C839 /* Debug */ = {
			isa = XCBuildConfiguration;
			buildSettings = {
				ALWAYS_SEARCH_USER_PATHS = NO;
				CLANG_CXX_LANGUAGE_STANDARD = "gnu++0x";
				CLANG_CXX_LIBRARY = "libc++";
				CLANG_ENABLE_MODULES = YES;
				CLANG_ENABLE_OBJC_ARC = YES;
				CLANG_WARN_BOOL_CONVERSION = YES;
				CLANG_WARN_CONSTANT_CONVERSION = YES;
				CLANG_WARN_DIRECT_OBJC_ISA_USAGE = YES_ERROR;
				CLANG_WARN_EMPTY_BODY = YES;
				CLANG_WARN_ENUM_CONVERSION = YES;
				CLANG_WARN_INT_CONVERSION = YES;
				CLANG_WARN_OBJC_ROOT_CLASS = YES_ERROR;
				CLANG_WARN_UNREACHABLE_CODE = YES;
				CLANG_WARN__DUPLICATE_METHOD_MATCH = YES;
				"CODE_SIGN_IDENTITY[sdk=iphoneos*]" = "iPhone Developer";
				COPY_PHASE_STRIP = NO;
				DEBUG_INFORMATION_FORMAT = dwarf;
				ENABLE_STRICT_OBJC_MSGSEND = YES;
				ENABLE_TESTABILITY = YES;
				GCC_C_LANGUAGE_STANDARD = gnu99;
				GCC_DYNAMIC_NO_PIC = NO;
				GCC_NO_COMMON_BLOCKS = YES;
				GCC_OPTIMIZATION_LEVEL = 0;
				GCC_PREPROCESSOR_DEFINITIONS = (
					"DEBUG=1",
					"$(inherited)",
				);
				GCC_WARN_64_TO_32_BIT_CONVERSION = YES;
				GCC_WARN_ABOUT_RETURN_TYPE = YES_ERROR;
				GCC_WARN_UNDECLARED_SELECTOR = YES;
				GCC_WARN_UNINITIALIZED_AUTOS = YES_AGGRESSIVE;
				GCC_WARN_UNUSED_FUNCTION = YES;
				GCC_WARN_UNUSED_VARIABLE = YES;
				IPHONEOS_DEPLOYMENT_TARGET = 9.1;
				MTL_ENABLE_DEBUG_INFO = YES;
				ONLY_ACTIVE_ARCH = YES;
				SDKROOT = iphoneos;
			};
			name = Debug;
		};
		A1EA64321BF4D3EE0050C839 /* Release */ = {
			isa = XCBuildConfiguration;
			buildSettings = {
				ALWAYS_SEARCH_USER_PATHS = NO;
				CLANG_CXX_LANGUAGE_STANDARD = "gnu++0x";
				CLANG_CXX_LIBRARY = "libc++";
				CLANG_ENABLE_MODULES = YES;
				CLANG_ENABLE_OBJC_ARC = YES;
				CLANG_WARN_BOOL_CONVERSION = YES;
				CLANG_WARN_CONSTANT_CONVERSION = YES;
				CLANG_WARN_DIRECT_OBJC_ISA_USAGE = YES_ERROR;
				CLANG_WARN_EMPTY_BODY = YES;
				CLANG_WARN_ENUM_CONVERSION = YES;
				CLANG_WARN_INT_CONVERSION = YES;
				CLANG_WARN_OBJC_ROOT_CLASS = YES_ERROR;
				CLANG_WARN_UNREACHABLE_CODE = YES;
				CLANG_WARN__DUPLICATE_METHOD_MATCH = YES;
				"CODE_SIGN_IDENTITY[sdk=iphoneos*]" = "iPhone Developer";
				COPY_PHASE_STRIP = NO;
				DEBUG_INFORMATION_FORMAT = "dwarf-with-dsym";
				ENABLE_NS_ASSERTIONS = NO;
				ENABLE_STRICT_OBJC_MSGSEND = YES;
				GCC_C_LANGUAGE_STANDARD = gnu99;
				GCC_NO_COMMON_BLOCKS = YES;
				GCC_WARN_64_TO_32_BIT_CONVERSION = YES;
				GCC_WARN_ABOUT_RETURN_TYPE = YES_ERROR;
				GCC_WARN_UNDECLARED_SELECTOR = YES;
				GCC_WARN_UNINITIALIZED_AUTOS = YES_AGGRESSIVE;
				GCC_WARN_UNUSED_FUNCTION = YES;
				GCC_WARN_UNUSED_VARIABLE = YES;
				IPHONEOS_DEPLOYMENT_TARGET = 9.1;
				MTL_ENABLE_DEBUG_INFO = NO;
				SDKROOT = iphoneos;
				VALIDATE_PRODUCT = YES;
			};
			name = Release;
		};
		A1EA64341BF4D3EE0050C839 /* Debug */ = {
			isa = XCBuildConfiguration;
			buildSettings = {
				OTHER_LDFLAGS = (
					"-ObjC",
					"-all_load",
				);
				PRODUCT_NAME = WSPersistence;
				SKIP_INSTALL = YES;
			};
			name = Debug;
		};
		A1EA64351BF4D3EE0050C839 /* Release */ = {
			isa = XCBuildConfiguration;
			buildSettings = {
				OTHER_LDFLAGS = (
					"-ObjC",
					"-all_load",
				);
				PRODUCT_NAME = WSPersistence;
				SKIP_INSTALL = YES;
			};
			name = Release;
		};
/* End XCBuildConfiguration section */

/* Begin XCConfigurationList section */
		A1EA64251BF4D3EE0050C839 /* Build configuration list for PBXProject "WSPersistence" */ = {
			isa = XCConfigurationList;
			buildConfigurations = (
				A1EA64311BF4D3EE0050C839 /* Debug */,
				A1EA64321BF4D3EE0050C839 /* Release */,
			);
			defaultConfigurationIsVisible = 0;
			defaultConfigurationName = Release;
		};
		A1EA64331BF4D3EE0050C839 /* Build configuration list for PBXNativeTarget "WSPersistence" */ = {
			isa = XCConfigurationList;
			buildConfigurations = (
				A1EA64341BF4D3EE0050C839 /* Debug */,
				A1EA64351BF4D3EE0050C839 /* Release */,
			);
			defaultConfigurationIsVisible = 0;
			defaultConfigurationName = Release;
		};
/* End XCConfigurationList section */
	};
	rootObject = A1EA64221BF4D3EE0050C839 /* Project object */;
}
